
Microsoft Visual Studio Solution File, Format Version 12.00
# Visual Studio Version 17
VisualStudioVersion = 17.0.31903.59
MinimumVisualStudioVersion = 10.0.40219.1
Project("{2150E333-8FDC-42A3-9474-1A3956D46DE8}") = "src", "src", "{827E0CD3-B72D-47B6-A68D-7590B98EB39B}"
EndProject
Project("{2150E333-8FDC-42A3-9474-1A3956D46DE8}") = "gateway", "gateway", "{6306A8FB-679E-111F-6585-8F70E0EE6013}"
EndProject
Project("{FAE04EC0-301F-11D3-BF4B-00C04F79EFBC}") = "DoganConsult.Gateway", "src\gateway\DoganConsult.Gateway\DoganConsult.Gateway.csproj", "{1095522E-A586-477B-9FF3-354F59E240B0}"
EndProject
Project("{FAE04EC0-301F-11D3-BF4B-00C04F79EFBC}") = "DoganConsult.Web.Blazor", "src\DoganConsult.Web.Blazor\DoganConsult.Web.Blazor.csproj", "{DDF1D58E-3D1E-4002-993F-AF84C6A34853}"
EndProject
Project("{FAE04EC0-301F-11D3-BF4B-00C04F79EFBC}") = "DoganConsult.Web.Application", "src\DoganConsult.Web.Application\DoganConsult.Web.Application.csproj", "{2C50E655-F14C-47B1-9EE0-1AE3EEF48C0E}"
EndProject
Project("{FAE04EC0-301F-11D3-BF4B-00C04F79EFBC}") = "DoganConsult.Web.Domain", "src\DoganConsult.Web.Domain\DoganConsult.Web.Domain.csproj", "{96ADD3DF-EE79-443C-A9A5-FE66581E5E50}"
EndProject
Project("{FAE04EC0-301F-11D3-BF4B-00C04F79EFBC}") = "DoganConsult.Web.Domain.Shared", "src\DoganConsult.Web.Domain.Shared\DoganConsult.Web.Domain.Shared.csproj", "{090441C4-4846-4A83-9D5D-E4991B6728AE}"
EndProject
Project("{FAE04EC0-301F-11D3-BF4B-00C04F79EFBC}") = "DoganConsult.Web.Application.Contracts", "src\DoganConsult.Web.Application.Contracts\DoganConsult.Web.Application.Contracts.csproj", "{1C55BA42-8ACD-41BA-B5CE-370F48CC42E4}"
EndProject
Project("{FAE04EC0-301F-11D3-BF4B-00C04F79EFBC}") = "DoganConsult.Web.HttpApi", "src\DoganConsult.Web.HttpApi\DoganConsult.Web.HttpApi.csproj", "{B796D746-7B33-4AF3-84A6-64D63E804C79}"
EndProject
Project("{FAE04EC0-301F-11D3-BF4B-00C04F79EFBC}") = "DoganConsult.Web.EntityFrameworkCore", "src\DoganConsult.Web.EntityFrameworkCore\DoganConsult.Web.EntityFrameworkCore.csproj", "{A18E3273-8200-4FFB-B5C4-6894BBD30648}"
EndProject
Project("{FAE04EC0-301F-11D3-BF4B-00C04F79EFBC}") = "DoganConsult.Identity.HttpApi.Host", "src\DoganConsult.Identity.HttpApi.Host\DoganConsult.Identity.HttpApi.Host.csproj", "{2B089818-9EA9-46BD-9D2E-A9318467BBCC}"
EndProject
Project("{FAE04EC0-301F-11D3-BF4B-00C04F79EFBC}") = "DoganConsult.Identity.Application", "src\DoganConsult.Identity.Application\DoganConsult.Identity.Application.csproj", "{A5526687-42DC-46F7-BD83-FA7CFE268EE7}"
EndProject
Project("{FAE04EC0-301F-11D3-BF4B-00C04F79EFBC}") = "DoganConsult.Identity.Domain", "src\DoganConsult.Identity.Domain\DoganConsult.Identity.Domain.csproj", "{C44D9E9A-F108-4658-8D32-1C94577AF3CA}"
EndProject
Project("{FAE04EC0-301F-11D3-BF4B-00C04F79EFBC}") = "DoganConsult.Identity.Domain.Shared", "src\DoganConsult.Identity.Domain.Shared\DoganConsult.Identity.Domain.Shared.csproj", "{A8E8F85B-C11C-4C8F-9FC1-BA20A2BD8BAD}"
EndProject
Project("{FAE04EC0-301F-11D3-BF4B-00C04F79EFBC}") = "DoganConsult.Identity.Application.Contracts", "src\DoganConsult.Identity.Application.Contracts\DoganConsult.Identity.Application.Contracts.csproj", "{3717CAA7-BB2D-459D-998F-A8AF3502B997}"
EndProject
Project("{FAE04EC0-301F-11D3-BF4B-00C04F79EFBC}") = "DoganConsult.Identity.EntityFrameworkCore", "src\DoganConsult.Identity.EntityFrameworkCore\DoganConsult.Identity.EntityFrameworkCore.csproj", "{D692BA29-5001-4A93-A005-22D941928859}"
EndProject
Project("{FAE04EC0-301F-11D3-BF4B-00C04F79EFBC}") = "DoganConsult.Identity.HttpApi", "src\DoganConsult.Identity.HttpApi\DoganConsult.Identity.HttpApi.csproj", "{FF561FCC-DA30-46FC-9EAF-472CF9991DE5}"
EndProject
Project("{FAE04EC0-301F-11D3-BF4B-00C04F79EFBC}") = "DoganConsult.Organization.HttpApi.Host", "src\DoganConsult.Organization.HttpApi.Host\DoganConsult.Organization.HttpApi.Host.csproj", "{02422E93-EEF7-4417-9170-F1DDA852CCD8}"
EndProject
Project("{FAE04EC0-301F-11D3-BF4B-00C04F79EFBC}") = "DoganConsult.Organization.Application", "src\DoganConsult.Organization.Application\DoganConsult.Organization.Application.csproj", "{08F3CBA0-937E-49FF-AF76-DA19DE5870DF}"
EndProject
Project("{FAE04EC0-301F-11D3-BF4B-00C04F79EFBC}") = "DoganConsult.Organization.Domain", "src\DoganConsult.Organization.Domain\DoganConsult.Organization.Domain.csproj", "{0D575533-A754-4BAE-BC25-75396D8E5D35}"
EndProject
Project("{FAE04EC0-301F-11D3-BF4B-00C04F79EFBC}") = "DoganConsult.Organization.Domain.Shared", "src\DoganConsult.Organization.Domain.Shared\DoganConsult.Organization.Domain.Shared.csproj", "{B2B11DEB-DF8F-4181-BC92-88357C5D849F}"
EndProject
Project("{FAE04EC0-301F-11D3-BF4B-00C04F79EFBC}") = "DoganConsult.Organization.Application.Contracts", "src\DoganConsult.Organization.Application.Contracts\DoganConsult.Organization.Application.Contracts.csproj", "{9314484E-434E-4BF2-86CD-BA89398D6F90}"
EndProject
Project("{FAE04EC0-301F-11D3-BF4B-00C04F79EFBC}") = "DoganConsult.Organization.EntityFrameworkCore", "src\DoganConsult.Organization.EntityFrameworkCore\DoganConsult.Organization.EntityFrameworkCore.csproj", "{81019AE9-1A7F-4782-9231-9AB723D60FD6}"
EndProject
Project("{FAE04EC0-301F-11D3-BF4B-00C04F79EFBC}") = "DoganConsult.Organization.HttpApi", "src\DoganConsult.Organization.HttpApi\DoganConsult.Organization.HttpApi.csproj", "{9C51F5B9-C43F-4D49-B144-C8E174850F68}"
EndProject
Project("{FAE04EC0-301F-11D3-BF4B-00C04F79EFBC}") = "DoganConsult.Workspace.HttpApi.Host", "src\DoganConsult.Workspace.HttpApi.Host\DoganConsult.Workspace.HttpApi.Host.csproj", "{E1808E34-193C-41DC-B1CF-25CE5653B240}"
EndProject
Project("{FAE04EC0-301F-11D3-BF4B-00C04F79EFBC}") = "DoganConsult.Workspace.Application", "src\DoganConsult.Workspace.Application\DoganConsult.Workspace.Application.csproj", "{5F21858F-180C-4C59-AC2E-23CF6E7402C1}"
EndProject
Project("{FAE04EC0-301F-11D3-BF4B-00C04F79EFBC}") = "DoganConsult.Workspace.Domain", "src\DoganConsult.Workspace.Domain\DoganConsult.Workspace.Domain.csproj", "{FE3CB007-9EF1-44C2-8727-D4842B140FFC}"
EndProject
Project("{FAE04EC0-301F-11D3-BF4B-00C04F79EFBC}") = "DoganConsult.Workspace.Domain.Shared", "src\DoganConsult.Workspace.Domain.Shared\DoganConsult.Workspace.Domain.Shared.csproj", "{5F63D602-5010-4F7F-93E1-E53B0FD4C530}"
EndProject
Project("{FAE04EC0-301F-11D3-BF4B-00C04F79EFBC}") = "DoganConsult.Workspace.Application.Contracts", "src\DoganConsult.Workspace.Application.Contracts\DoganConsult.Workspace.Application.Contracts.csproj", "{7155D847-7E17-49D8-9689-05A59E3B45A2}"
EndProject
Project("{FAE04EC0-301F-11D3-BF4B-00C04F79EFBC}") = "DoganConsult.Workspace.EntityFrameworkCore", "src\DoganConsult.Workspace.EntityFrameworkCore\DoganConsult.Workspace.EntityFrameworkCore.csproj", "{0817640E-2118-41C4-AC2B-79964FBB3A25}"
EndProject
Project("{FAE04EC0-301F-11D3-BF4B-00C04F79EFBC}") = "DoganConsult.Workspace.HttpApi", "src\DoganConsult.Workspace.HttpApi\DoganConsult.Workspace.HttpApi.csproj", "{4EA4BC6D-882F-43EC-8D4E-A24C2635A2D0}"
EndProject
Project("{FAE04EC0-301F-11D3-BF4B-00C04F79EFBC}") = "DoganConsult.UserProfile.HttpApi.Host", "src\DoganConsult.UserProfile.HttpApi.Host\DoganConsult.UserProfile.HttpApi.Host.csproj", "{2D6D0FCB-46DE-4C4E-8527-859034F8D857}"
EndProject
Project("{FAE04EC0-301F-11D3-BF4B-00C04F79EFBC}") = "DoganConsult.UserProfile.Application", "src\DoganConsult.UserProfile.Application\DoganConsult.UserProfile.Application.csproj", "{943C6C59-2F0E-4EF7-9BE7-36E5F80BD903}"
EndProject
Project("{FAE04EC0-301F-11D3-BF4B-00C04F79EFBC}") = "DoganConsult.UserProfile.Domain", "src\DoganConsult.UserProfile.Domain\DoganConsult.UserProfile.Domain.csproj", "{684EDFE8-0F8E-4437-ACD0-232DAC87C664}"
EndProject
Project("{FAE04EC0-301F-11D3-BF4B-00C04F79EFBC}") = "DoganConsult.UserProfile.Domain.Shared", "src\DoganConsult.UserProfile.Domain.Shared\DoganConsult.UserProfile.Domain.Shared.csproj", "{1E13FFEE-9ED9-434A-853C-6EB74C1A756E}"
EndProject
Project("{FAE04EC0-301F-11D3-BF4B-00C04F79EFBC}") = "DoganConsult.UserProfile.Application.Contracts", "src\DoganConsult.UserProfile.Application.Contracts\DoganConsult.UserProfile.Application.Contracts.csproj", "{B72A2361-490A-4EAF-BE81-8F118C10EDB7}"
EndProject
Project("{FAE04EC0-301F-11D3-BF4B-00C04F79EFBC}") = "DoganConsult.UserProfile.EntityFrameworkCore", "src\DoganConsult.UserProfile.EntityFrameworkCore\DoganConsult.UserProfile.EntityFrameworkCore.csproj", "{441CD123-E48D-49E4-BF76-D1BC6DBC5A66}"
EndProject
Project("{FAE04EC0-301F-11D3-BF4B-00C04F79EFBC}") = "DoganConsult.UserProfile.HttpApi", "src\DoganConsult.UserProfile.HttpApi\DoganConsult.UserProfile.HttpApi.csproj", "{5CECD483-B3CE-4396-A698-2BC833BCD683}"
EndProject
Project("{FAE04EC0-301F-11D3-BF4B-00C04F79EFBC}") = "DoganConsult.Audit.HttpApi.Host", "src\DoganConsult.Audit.HttpApi.Host\DoganConsult.Audit.HttpApi.Host.csproj", "{C32F9D84-9799-4C7E-A4A3-507CB64712D5}"
EndProject
Project("{FAE04EC0-301F-11D3-BF4B-00C04F79EFBC}") = "DoganConsult.Audit.Application", "src\DoganConsult.Audit.Application\DoganConsult.Audit.Application.csproj", "{040EA809-C739-4FEA-A3E0-898D9ADC860B}"
EndProject
Project("{FAE04EC0-301F-11D3-BF4B-00C04F79EFBC}") = "DoganConsult.Audit.Domain", "src\DoganConsult.Audit.Domain\DoganConsult.Audit.Domain.csproj", "{57FDE9DE-1CB0-4B8B-A9E7-CA04CE536B9B}"
EndProject
Project("{FAE04EC0-301F-11D3-BF4B-00C04F79EFBC}") = "DoganConsult.Audit.Domain.Shared", "src\DoganConsult.Audit.Domain.Shared\DoganConsult.Audit.Domain.Shared.csproj", "{E53E057B-434C-4A21-9A5C-D9DBD4056092}"
EndProject
Project("{FAE04EC0-301F-11D3-BF4B-00C04F79EFBC}") = "DoganConsult.Audit.Application.Contracts", "src\DoganConsult.Audit.Application.Contracts\DoganConsult.Audit.Application.Contracts.csproj", "{D456A54E-BD79-4307-84DD-80DB5114BBAE}"
EndProject
Project("{FAE04EC0-301F-11D3-BF4B-00C04F79EFBC}") = "DoganConsult.Audit.EntityFrameworkCore", "src\DoganConsult.Audit.EntityFrameworkCore\DoganConsult.Audit.EntityFrameworkCore.csproj", "{4AD4D12C-2EC2-490A-A637-19844F9CD90A}"
EndProject
Project("{FAE04EC0-301F-11D3-BF4B-00C04F79EFBC}") = "DoganConsult.Audit.HttpApi", "src\DoganConsult.Audit.HttpApi\DoganConsult.Audit.HttpApi.csproj", "{03B6D26E-0584-451B-AC29-C57829DF7731}"
EndProject
Project("{FAE04EC0-301F-11D3-BF4B-00C04F79EFBC}") = "DoganConsult.Document.HttpApi.Host", "src\DoganConsult.Document.HttpApi.Host\DoganConsult.Document.HttpApi.Host.csproj", "{E5DF0765-7A03-409D-91AA-611747C994C1}"
EndProject
Project("{FAE04EC0-301F-11D3-BF4B-00C04F79EFBC}") = "DoganConsult.Document.Application", "src\DoganConsult.Document.Application\DoganConsult.Document.Application.csproj", "{2F6283D9-3C70-4A97-A1C8-E88463851475}"
EndProject
Project("{FAE04EC0-301F-11D3-BF4B-00C04F79EFBC}") = "DoganConsult.Document.Domain", "src\DoganConsult.Document.Domain\DoganConsult.Document.Domain.csproj", "{FC246277-6552-40A4-B216-3B274809F68B}"
EndProject
Project("{FAE04EC0-301F-11D3-BF4B-00C04F79EFBC}") = "DoganConsult.Document.Domain.Shared", "src\DoganConsult.Document.Domain.Shared\DoganConsult.Document.Domain.Shared.csproj", "{2663AD2D-E12F-490B-AA7D-6A0DB0CD3CEE}"
EndProject
Project("{FAE04EC0-301F-11D3-BF4B-00C04F79EFBC}") = "DoganConsult.Document.Application.Contracts", "src\DoganConsult.Document.Application.Contracts\DoganConsult.Document.Application.Contracts.csproj", "{CD27965B-50FA-496C-BB0C-83C0DBDA8461}"
EndProject
Project("{FAE04EC0-301F-11D3-BF4B-00C04F79EFBC}") = "DoganConsult.Document.EntityFrameworkCore", "src\DoganConsult.Document.EntityFrameworkCore\DoganConsult.Document.EntityFrameworkCore.csproj", "{F4BF60C2-266E-40C6-9C1D-8669271E2CA1}"
EndProject
Project("{FAE04EC0-301F-11D3-BF4B-00C04F79EFBC}") = "DoganConsult.Document.HttpApi", "src\DoganConsult.Document.HttpApi\DoganConsult.Document.HttpApi.csproj", "{0AAB5982-4873-4D2E-AEE1-F69FD6599971}"
EndProject
Project("{FAE04EC0-301F-11D3-BF4B-00C04F79EFBC}") = "DoganConsult.AI.HttpApi.Host", "src\DoganConsult.AI.HttpApi.Host\DoganConsult.AI.HttpApi.Host.csproj", "{1C60B25A-5AA0-4F8B-B098-0DF3834EDB5E}"
EndProject
Project("{FAE04EC0-301F-11D3-BF4B-00C04F79EFBC}") = "DoganConsult.AI.Application", "src\DoganConsult.AI.Application\DoganConsult.AI.Application.csproj", "{1059CD8D-DC61-43E3-A6F9-EEA923F385FF}"
EndProject
Project("{FAE04EC0-301F-11D3-BF4B-00C04F79EFBC}") = "DoganConsult.AI.Domain", "src\DoganConsult.AI.Domain\DoganConsult.AI.Domain.csproj", "{B41BEE5C-3827-4240-8340-107F23B78331}"
EndProject
Project("{FAE04EC0-301F-11D3-BF4B-00C04F79EFBC}") = "DoganConsult.AI.Domain.Shared", "src\DoganConsult.AI.Domain.Shared\DoganConsult.AI.Domain.Shared.csproj", "{67BFCF70-424B-47EA-B46E-988EE4C16C71}"
EndProject
Project("{FAE04EC0-301F-11D3-BF4B-00C04F79EFBC}") = "DoganConsult.AI.Application.Contracts", "src\DoganConsult.AI.Application.Contracts\DoganConsult.AI.Application.Contracts.csproj", "{ADDA695F-4F9F-4415-9FDA-37C53D5D87D3}"
EndProject
Project("{FAE04EC0-301F-11D3-BF4B-00C04F79EFBC}") = "DoganConsult.AI.Infrastructure", "src\DoganConsult.AI.Infrastructure\DoganConsult.AI.Infrastructure.csproj", "{5E31CB78-035E-46E1-BDA5-9BAB453B7CA1}"
EndProject
Project("{FAE04EC0-301F-11D3-BF4B-00C04F79EFBC}") = "DoganConsult.AI.EntityFrameworkCore", "src\DoganConsult.AI.EntityFrameworkCore\DoganConsult.AI.EntityFrameworkCore.csproj", "{0314930A-BC17-4196-83D6-9A00AA789A4C}"
EndProject
Project("{FAE04EC0-301F-11D3-BF4B-00C04F79EFBC}") = "DoganConsult.AI.HttpApi", "src\DoganConsult.AI.HttpApi\DoganConsult.AI.HttpApi.csproj", "{065DDD22-1DF8-4969-95FF-ED151751991F}"
EndProject
Global
	GlobalSection(SolutionConfigurationPlatforms) = preSolution
		Debug|Any CPU = Debug|Any CPU
		Debug|x64 = Debug|x64
		Debug|x86 = Debug|x86
		Release|Any CPU = Release|Any CPU
		Release|x64 = Release|x64
		Release|x86 = Release|x86
	EndGlobalSection
	GlobalSection(ProjectConfigurationPlatforms) = postSolution
		{1095522E-A586-477B-9FF3-354F59E240B0}.Debug|Any CPU.ActiveCfg = Debug|Any CPU
		{1095522E-A586-477B-9FF3-354F59E240B0}.Debug|Any CPU.Build.0 = Debug|Any CPU
		{1095522E-A586-477B-9FF3-354F59E240B0}.Debug|x64.ActiveCfg = Debug|Any CPU
		{1095522E-A586-477B-9FF3-354F59E240B0}.Debug|x64.Build.0 = Debug|Any CPU
		{1095522E-A586-477B-9FF3-354F59E240B0}.Debug|x86.ActiveCfg = Debug|Any CPU
		{1095522E-A586-477B-9FF3-354F59E240B0}.Debug|x86.Build.0 = Debug|Any CPU
		{1095522E-A586-477B-9FF3-354F59E240B0}.Release|Any CPU.ActiveCfg = Release|Any CPU
		{1095522E-A586-477B-9FF3-354F59E240B0}.Release|Any CPU.Build.0 = Release|Any CPU
		{1095522E-A586-477B-9FF3-354F59E240B0}.Release|x64.ActiveCfg = Release|Any CPU
		{1095522E-A586-477B-9FF3-354F59E240B0}.Release|x64.Build.0 = Release|Any CPU
		{1095522E-A586-477B-9FF3-354F59E240B0}.Release|x86.ActiveCfg = Release|Any CPU
		{1095522E-A586-477B-9FF3-354F59E240B0}.Release|x86.Build.0 = Release|Any CPU
		{DDF1D58E-3D1E-4002-993F-AF84C6A34853}.Debug|Any CPU.ActiveCfg = Debug|Any CPU
		{DDF1D58E-3D1E-4002-993F-AF84C6A34853}.Debug|Any CPU.Build.0 = Debug|Any CPU
		{DDF1D58E-3D1E-4002-993F-AF84C6A34853}.Debug|x64.ActiveCfg = Debug|Any CPU
		{DDF1D58E-3D1E-4002-993F-AF84C6A34853}.Debug|x64.Build.0 = Debug|Any CPU
		{DDF1D58E-3D1E-4002-993F-AF84C6A34853}.Debug|x86.ActiveCfg = Debug|Any CPU
		{DDF1D58E-3D1E-4002-993F-AF84C6A34853}.Debug|x86.Build.0 = Debug|Any CPU
		{DDF1D58E-3D1E-4002-993F-AF84C6A34853}.Release|Any CPU.ActiveCfg = Release|Any CPU
		{DDF1D58E-3D1E-4002-993F-AF84C6A34853}.Release|Any CPU.Build.0 = Release|Any CPU
		{DDF1D58E-3D1E-4002-993F-AF84C6A34853}.Release|x64.ActiveCfg = Release|Any CPU
		{DDF1D58E-3D1E-4002-993F-AF84C6A34853}.Release|x64.Build.0 = Release|Any CPU
		{DDF1D58E-3D1E-4002-993F-AF84C6A34853}.Release|x86.ActiveCfg = Release|Any CPU
		{DDF1D58E-3D1E-4002-993F-AF84C6A34853}.Release|x86.Build.0 = Release|Any CPU
		{2C50E655-F14C-47B1-9EE0-1AE3EEF48C0E}.Debug|Any CPU.ActiveCfg = Debug|Any CPU
		{2C50E655-F14C-47B1-9EE0-1AE3EEF48C0E}.Debug|Any CPU.Build.0 = Debug|Any CPU
		{2C50E655-F14C-47B1-9EE0-1AE3EEF48C0E}.Debug|x64.ActiveCfg = Debug|Any CPU
		{2C50E655-F14C-47B1-9EE0-1AE3EEF48C0E}.Debug|x64.Build.0 = Debug|Any CPU
		{2C50E655-F14C-47B1-9EE0-1AE3EEF48C0E}.Debug|x86.ActiveCfg = Debug|Any CPU
		{2C50E655-F14C-47B1-9EE0-1AE3EEF48C0E}.Debug|x86.Build.0 = Debug|Any CPU
		{2C50E655-F14C-47B1-9EE0-1AE3EEF48C0E}.Release|Any CPU.ActiveCfg = Release|Any CPU
		{2C50E655-F14C-47B1-9EE0-1AE3EEF48C0E}.Release|Any CPU.Build.0 = Release|Any CPU
		{2C50E655-F14C-47B1-9EE0-1AE3EEF48C0E}.Release|x64.ActiveCfg = Release|Any CPU
		{2C50E655-F14C-47B1-9EE0-1AE3EEF48C0E}.Release|x64.Build.0 = Release|Any CPU
		{2C50E655-F14C-47B1-9EE0-1AE3EEF48C0E}.Release|x86.ActiveCfg = Release|Any CPU
		{2C50E655-F14C-47B1-9EE0-1AE3EEF48C0E}.Release|x86.Build.0 = Release|Any CPU
		{96ADD3DF-EE79-443C-A9A5-FE66581E5E50}.Debug|Any CPU.ActiveCfg = Debug|Any CPU
		{96ADD3DF-EE79-443C-A9A5-FE66581E5E50}.Debug|Any CPU.Build.0 = Debug|Any CPU
		{96ADD3DF-EE79-443C-A9A5-FE66581E5E50}.Debug|x64.ActiveCfg = Debug|Any CPU
		{96ADD3DF-EE79-443C-A9A5-FE66581E5E50}.Debug|x64.Build.0 = Debug|Any CPU
		{96ADD3DF-EE79-443C-A9A5-FE66581E5E50}.Debug|x86.ActiveCfg = Debug|Any CPU
		{96ADD3DF-EE79-443C-A9A5-FE66581E5E50}.Debug|x86.Build.0 = Debug|Any CPU
		{96ADD3DF-EE79-443C-A9A5-FE66581E5E50}.Release|Any CPU.ActiveCfg = Release|Any CPU
		{96ADD3DF-EE79-443C-A9A5-FE66581E5E50}.Release|Any CPU.Build.0 = Release|Any CPU
		{96ADD3DF-EE79-443C-A9A5-FE66581E5E50}.Release|x64.ActiveCfg = Release|Any CPU
		{96ADD3DF-EE79-443C-A9A5-FE66581E5E50}.Release|x64.Build.0 = Release|Any CPU
		{96ADD3DF-EE79-443C-A9A5-FE66581E5E50}.Release|x86.ActiveCfg = Release|Any CPU
		{96ADD3DF-EE79-443C-A9A5-FE66581E5E50}.Release|x86.Build.0 = Release|Any CPU
		{090441C4-4846-4A83-9D5D-E4991B6728AE}.Debug|Any CPU.ActiveCfg = Debug|Any CPU
		{090441C4-4846-4A83-9D5D-E4991B6728AE}.Debug|Any CPU.Build.0 = Debug|Any CPU
		{090441C4-4846-4A83-9D5D-E4991B6728AE}.Debug|x64.ActiveCfg = Debug|Any CPU
		{090441C4-4846-4A83-9D5D-E4991B6728AE}.Debug|x64.Build.0 = Debug|Any CPU
		{090441C4-4846-4A83-9D5D-E4991B6728AE}.Debug|x86.ActiveCfg = Debug|Any CPU
		{090441C4-4846-4A83-9D5D-E4991B6728AE}.Debug|x86.Build.0 = Debug|Any CPU
		{090441C4-4846-4A83-9D5D-E4991B6728AE}.Release|Any CPU.ActiveCfg = Release|Any CPU
		{090441C4-4846-4A83-9D5D-E4991B6728AE}.Release|Any CPU.Build.0 = Release|Any CPU
		{090441C4-4846-4A83-9D5D-E4991B6728AE}.Release|x64.ActiveCfg = Release|Any CPU
		{090441C4-4846-4A83-9D5D-E4991B6728AE}.Release|x64.Build.0 = Release|Any CPU
		{090441C4-4846-4A83-9D5D-E4991B6728AE}.Release|x86.ActiveCfg = Release|Any CPU
		{090441C4-4846-4A83-9D5D-E4991B6728AE}.Release|x86.Build.0 = Release|Any CPU
		{1C55BA42-8ACD-41BA-B5CE-370F48CC42E4}.Debug|Any CPU.ActiveCfg = Debug|Any CPU
		{1C55BA42-8ACD-41BA-B5CE-370F48CC42E4}.Debug|Any CPU.Build.0 = Debug|Any CPU
		{1C55BA42-8ACD-41BA-B5CE-370F48CC42E4}.Debug|x64.ActiveCfg = Debug|Any CPU
		{1C55BA42-8ACD-41BA-B5CE-370F48CC42E4}.Debug|x64.Build.0 = Debug|Any CPU
		{1C55BA42-8ACD-41BA-B5CE-370F48CC42E4}.Debug|x86.ActiveCfg = Debug|Any CPU
		{1C55BA42-8ACD-41BA-B5CE-370F48CC42E4}.Debug|x86.Build.0 = Debug|Any CPU
		{1C55BA42-8ACD-41BA-B5CE-370F48CC42E4}.Release|Any CPU.ActiveCfg = Release|Any CPU
		{1C55BA42-8ACD-41BA-B5CE-370F48CC42E4}.Release|Any CPU.Build.0 = Release|Any CPU
		{1C55BA42-8ACD-41BA-B5CE-370F48CC42E4}.Release|x64.ActiveCfg = Release|Any CPU
		{1C55BA42-8ACD-41BA-B5CE-370F48CC42E4}.Release|x64.Build.0 = Release|Any CPU
		{1C55BA42-8ACD-41BA-B5CE-370F48CC42E4}.Release|x86.ActiveCfg = Release|Any CPU
		{1C55BA42-8ACD-41BA-B5CE-370F48CC42E4}.Release|x86.Build.0 = Release|Any CPU
		{B796D746-7B33-4AF3-84A6-64D63E804C79}.Debug|Any CPU.ActiveCfg = Debug|Any CPU
		{B796D746-7B33-4AF3-84A6-64D63E804C79}.Debug|Any CPU.Build.0 = Debug|Any CPU
		{B796D746-7B33-4AF3-84A6-64D63E804C79}.Debug|x64.ActiveCfg = Debug|Any CPU
		{B796D746-7B33-4AF3-84A6-64D63E804C79}.Debug|x64.Build.0 = Debug|Any CPU
		{B796D746-7B33-4AF3-84A6-64D63E804C79}.Debug|x86.ActiveCfg = Debug|Any CPU
		{B796D746-7B33-4AF3-84A6-64D63E804C79}.Debug|x86.Build.0 = Debug|Any CPU
		{B796D746-7B33-4AF3-84A6-64D63E804C79}.Release|Any CPU.ActiveCfg = Release|Any CPU
		{B796D746-7B33-4AF3-84A6-64D63E804C79}.Release|Any CPU.Build.0 = Release|Any CPU
		{B796D746-7B33-4AF3-84A6-64D63E804C79}.Release|x64.ActiveCfg = Release|Any CPU
		{B796D746-7B33-4AF3-84A6-64D63E804C79}.Release|x64.Build.0 = Release|Any CPU
		{B796D746-7B33-4AF3-84A6-64D63E804C79}.Release|x86.ActiveCfg = Release|Any CPU
		{B796D746-7B33-4AF3-84A6-64D63E804C79}.Release|x86.Build.0 = Release|Any CPU
		{A18E3273-8200-4FFB-B5C4-6894BBD30648}.Debug|Any CPU.ActiveCfg = Debug|Any CPU
		{A18E3273-8200-4FFB-B5C4-6894BBD30648}.Debug|Any CPU.Build.0 = Debug|Any CPU
		{A18E3273-8200-4FFB-B5C4-6894BBD30648}.Debug|x64.ActiveCfg = Debug|Any CPU
		{A18E3273-8200-4FFB-B5C4-6894BBD30648}.Debug|x64.Build.0 = Debug|Any CPU
		{A18E3273-8200-4FFB-B5C4-6894BBD30648}.Debug|x86.ActiveCfg = Debug|Any CPU
		{A18E3273-8200-4FFB-B5C4-6894BBD30648}.Debug|x86.Build.0 = Debug|Any CPU
		{A18E3273-8200-4FFB-B5C4-6894BBD30648}.Release|Any CPU.ActiveCfg = Release|Any CPU
		{A18E3273-8200-4FFB-B5C4-6894BBD30648}.Release|Any CPU.Build.0 = Release|Any CPU
		{A18E3273-8200-4FFB-B5C4-6894BBD30648}.Release|x64.ActiveCfg = Release|Any CPU
		{A18E3273-8200-4FFB-B5C4-6894BBD30648}.Release|x64.Build.0 = Release|Any CPU
		{A18E3273-8200-4FFB-B5C4-6894BBD30648}.Release|x86.ActiveCfg = Release|Any CPU
		{A18E3273-8200-4FFB-B5C4-6894BBD30648}.Release|x86.Build.0 = Release|Any CPU
		{2B089818-9EA9-46BD-9D2E-A9318467BBCC}.Debug|Any CPU.ActiveCfg = Debug|Any CPU
		{2B089818-9EA9-46BD-9D2E-A9318467BBCC}.Debug|Any CPU.Build.0 = Debug|Any CPU
		{2B089818-9EA9-46BD-9D2E-A9318467BBCC}.Debug|x64.ActiveCfg = Debug|Any CPU
		{2B089818-9EA9-46BD-9D2E-A9318467BBCC}.Debug|x64.Build.0 = Debug|Any CPU
		{2B089818-9EA9-46BD-9D2E-A9318467BBCC}.Debug|x86.ActiveCfg = Debug|Any CPU
		{2B089818-9EA9-46BD-9D2E-A9318467BBCC}.Debug|x86.Build.0 = Debug|Any CPU
		{2B089818-9EA9-46BD-9D2E-A9318467BBCC}.Release|Any CPU.ActiveCfg = Release|Any CPU
		{2B089818-9EA9-46BD-9D2E-A9318467BBCC}.Release|Any CPU.Build.0 = Release|Any CPU
		{2B089818-9EA9-46BD-9D2E-A9318467BBCC}.Release|x64.ActiveCfg = Release|Any CPU
		{2B089818-9EA9-46BD-9D2E-A9318467BBCC}.Release|x64.Build.0 = Release|Any CPU
		{2B089818-9EA9-46BD-9D2E-A9318467BBCC}.Release|x86.ActiveCfg = Release|Any CPU
		{2B089818-9EA9-46BD-9D2E-A9318467BBCC}.Release|x86.Build.0 = Release|Any CPU
		{A5526687-42DC-46F7-BD83-FA7CFE268EE7}.Debug|Any CPU.ActiveCfg = Debug|Any CPU
		{A5526687-42DC-46F7-BD83-FA7CFE268EE7}.Debug|Any CPU.Build.0 = Debug|Any CPU
		{A5526687-42DC-46F7-BD83-FA7CFE268EE7}.Debug|x64.ActiveCfg = Debug|Any CPU
		{A5526687-42DC-46F7-BD83-FA7CFE268EE7}.Debug|x64.Build.0 = Debug|Any CPU
		{A5526687-42DC-46F7-BD83-FA7CFE268EE7}.Debug|x86.ActiveCfg = Debug|Any CPU
		{A5526687-42DC-46F7-BD83-FA7CFE268EE7}.Debug|x86.Build.0 = Debug|Any CPU
		{A5526687-42DC-46F7-BD83-FA7CFE268EE7}.Release|Any CPU.ActiveCfg = Release|Any CPU
		{A5526687-42DC-46F7-BD83-FA7CFE268EE7}.Release|Any CPU.Build.0 = Release|Any CPU
		{A5526687-42DC-46F7-BD83-FA7CFE268EE7}.Release|x64.ActiveCfg = Release|Any CPU
		{A5526687-42DC-46F7-BD83-FA7CFE268EE7}.Release|x64.Build.0 = Release|Any CPU
		{A5526687-42DC-46F7-BD83-FA7CFE268EE7}.Release|x86.ActiveCfg = Release|Any CPU
		{A5526687-42DC-46F7-BD83-FA7CFE268EE7}.Release|x86.Build.0 = Release|Any CPU
		{C44D9E9A-F108-4658-8D32-1C94577AF3CA}.Debug|Any CPU.ActiveCfg = Debug|Any CPU
		{C44D9E9A-F108-4658-8D32-1C94577AF3CA}.Debug|Any CPU.Build.0 = Debug|Any CPU
		{C44D9E9A-F108-4658-8D32-1C94577AF3CA}.Debug|x64.ActiveCfg = Debug|Any CPU
		{C44D9E9A-F108-4658-8D32-1C94577AF3CA}.Debug|x64.Build.0 = Debug|Any CPU
		{C44D9E9A-F108-4658-8D32-1C94577AF3CA}.Debug|x86.ActiveCfg = Debug|Any CPU
		{C44D9E9A-F108-4658-8D32-1C94577AF3CA}.Debug|x86.Build.0 = Debug|Any CPU
		{C44D9E9A-F108-4658-8D32-1C94577AF3CA}.Release|Any CPU.ActiveCfg = Release|Any CPU
		{C44D9E9A-F108-4658-8D32-1C94577AF3CA}.Release|Any CPU.Build.0 = Release|Any CPU
		{C44D9E9A-F108-4658-8D32-1C94577AF3CA}.Release|x64.ActiveCfg = Release|Any CPU
		{C44D9E9A-F108-4658-8D32-1C94577AF3CA}.Release|x64.Build.0 = Release|Any CPU
		{C44D9E9A-F108-4658-8D32-1C94577AF3CA}.Release|x86.ActiveCfg = Release|Any CPU
		{C44D9E9A-F108-4658-8D32-1C94577AF3CA}.Release|x86.Build.0 = Release|Any CPU
		{A8E8F85B-C11C-4C8F-9FC1-BA20A2BD8BAD}.Debug|Any CPU.ActiveCfg = Debug|Any CPU
		{A8E8F85B-C11C-4C8F-9FC1-BA20A2BD8BAD}.Debug|Any CPU.Build.0 = Debug|Any CPU
		{A8E8F85B-C11C-4C8F-9FC1-BA20A2BD8BAD}.Debug|x64.ActiveCfg = Debug|Any CPU
		{A8E8F85B-C11C-4C8F-9FC1-BA20A2BD8BAD}.Debug|x64.Build.0 = Debug|Any CPU
		{A8E8F85B-C11C-4C8F-9FC1-BA20A2BD8BAD}.Debug|x86.ActiveCfg = Debug|Any CPU
		{A8E8F85B-C11C-4C8F-9FC1-BA20A2BD8BAD}.Debug|x86.Build.0 = Debug|Any CPU
		{A8E8F85B-C11C-4C8F-9FC1-BA20A2BD8BAD}.Release|Any CPU.ActiveCfg = Release|Any CPU
		{A8E8F85B-C11C-4C8F-9FC1-BA20A2BD8BAD}.Release|Any CPU.Build.0 = Release|Any CPU
		{A8E8F85B-C11C-4C8F-9FC1-BA20A2BD8BAD}.Release|x64.ActiveCfg = Release|Any CPU
		{A8E8F85B-C11C-4C8F-9FC1-BA20A2BD8BAD}.Release|x64.Build.0 = Release|Any CPU
		{A8E8F85B-C11C-4C8F-9FC1-BA20A2BD8BAD}.Release|x86.ActiveCfg = Release|Any CPU
		{A8E8F85B-C11C-4C8F-9FC1-BA20A2BD8BAD}.Release|x86.Build.0 = Release|Any CPU
		{3717CAA7-BB2D-459D-998F-A8AF3502B997}.Debug|Any CPU.ActiveCfg = Debug|Any CPU
		{3717CAA7-BB2D-459D-998F-A8AF3502B997}.Debug|Any CPU.Build.0 = Debug|Any CPU
		{3717CAA7-BB2D-459D-998F-A8AF3502B997}.Debug|x64.ActiveCfg = Debug|Any CPU
		{3717CAA7-BB2D-459D-998F-A8AF3502B997}.Debug|x64.Build.0 = Debug|Any CPU
		{3717CAA7-BB2D-459D-998F-A8AF3502B997}.Debug|x86.ActiveCfg = Debug|Any CPU
		{3717CAA7-BB2D-459D-998F-A8AF3502B997}.Debug|x86.Build.0 = Debug|Any CPU
		{3717CAA7-BB2D-459D-998F-A8AF3502B997}.Release|Any CPU.ActiveCfg = Release|Any CPU
		{3717CAA7-BB2D-459D-998F-A8AF3502B997}.Release|Any CPU.Build.0 = Release|Any CPU
		{3717CAA7-BB2D-459D-998F-A8AF3502B997}.Release|x64.ActiveCfg = Release|Any CPU
		{3717CAA7-BB2D-459D-998F-A8AF3502B997}.Release|x64.Build.0 = Release|Any CPU
		{3717CAA7-BB2D-459D-998F-A8AF3502B997}.Release|x86.ActiveCfg = Release|Any CPU
		{3717CAA7-BB2D-459D-998F-A8AF3502B997}.Release|x86.Build.0 = Release|Any CPU
		{D692BA29-5001-4A93-A005-22D941928859}.Debug|Any CPU.ActiveCfg = Debug|Any CPU
		{D692BA29-5001-4A93-A005-22D941928859}.Debug|Any CPU.Build.0 = Debug|Any CPU
		{D692BA29-5001-4A93-A005-22D941928859}.Debug|x64.ActiveCfg = Debug|Any CPU
		{D692BA29-5001-4A93-A005-22D941928859}.Debug|x64.Build.0 = Debug|Any CPU
		{D692BA29-5001-4A93-A005-22D941928859}.Debug|x86.ActiveCfg = Debug|Any CPU
		{D692BA29-5001-4A93-A005-22D941928859}.Debug|x86.Build.0 = Debug|Any CPU
		{D692BA29-5001-4A93-A005-22D941928859}.Release|Any CPU.ActiveCfg = Release|Any CPU
		{D692BA29-5001-4A93-A005-22D941928859}.Release|Any CPU.Build.0 = Release|Any CPU
		{D692BA29-5001-4A93-A005-22D941928859}.Release|x64.ActiveCfg = Release|Any CPU
		{D692BA29-5001-4A93-A005-22D941928859}.Release|x64.Build.0 = Release|Any CPU
		{D692BA29-5001-4A93-A005-22D941928859}.Release|x86.ActiveCfg = Release|Any CPU
		{D692BA29-5001-4A93-A005-22D941928859}.Release|x86.Build.0 = Release|Any CPU
		{FF561FCC-DA30-46FC-9EAF-472CF9991DE5}.Debug|Any CPU.ActiveCfg = Debug|Any CPU
		{FF561FCC-DA30-46FC-9EAF-472CF9991DE5}.Debug|Any CPU.Build.0 = Debug|Any CPU
		{FF561FCC-DA30-46FC-9EAF-472CF9991DE5}.Debug|x64.ActiveCfg = Debug|Any CPU
		{FF561FCC-DA30-46FC-9EAF-472CF9991DE5}.Debug|x64.Build.0 = Debug|Any CPU
		{FF561FCC-DA30-46FC-9EAF-472CF9991DE5}.Debug|x86.ActiveCfg = Debug|Any CPU
		{FF561FCC-DA30-46FC-9EAF-472CF9991DE5}.Debug|x86.Build.0 = Debug|Any CPU
		{FF561FCC-DA30-46FC-9EAF-472CF9991DE5}.Release|Any CPU.ActiveCfg = Release|Any CPU
		{FF561FCC-DA30-46FC-9EAF-472CF9991DE5}.Release|Any CPU.Build.0 = Release|Any CPU
		{FF561FCC-DA30-46FC-9EAF-472CF9991DE5}.Release|x64.ActiveCfg = Release|Any CPU
		{FF561FCC-DA30-46FC-9EAF-472CF9991DE5}.Release|x64.Build.0 = Release|Any CPU
		{FF561FCC-DA30-46FC-9EAF-472CF9991DE5}.Release|x86.ActiveCfg = Release|Any CPU
		{FF561FCC-DA30-46FC-9EAF-472CF9991DE5}.Release|x86.Build.0 = Release|Any CPU
		{02422E93-EEF7-4417-9170-F1DDA852CCD8}.Debug|Any CPU.ActiveCfg = Debug|Any CPU
		{02422E93-EEF7-4417-9170-F1DDA852CCD8}.Debug|Any CPU.Build.0 = Debug|Any CPU
		{02422E93-EEF7-4417-9170-F1DDA852CCD8}.Debug|x64.ActiveCfg = Debug|Any CPU
		{02422E93-EEF7-4417-9170-F1DDA852CCD8}.Debug|x64.Build.0 = Debug|Any CPU
		{02422E93-EEF7-4417-9170-F1DDA852CCD8}.Debug|x86.ActiveCfg = Debug|Any CPU
		{02422E93-EEF7-4417-9170-F1DDA852CCD8}.Debug|x86.Build.0 = Debug|Any CPU
		{02422E93-EEF7-4417-9170-F1DDA852CCD8}.Release|Any CPU.ActiveCfg = Release|Any CPU
		{02422E93-EEF7-4417-9170-F1DDA852CCD8}.Release|Any CPU.Build.0 = Release|Any CPU
		{02422E93-EEF7-4417-9170-F1DDA852CCD8}.Release|x64.ActiveCfg = Release|Any CPU
		{02422E93-EEF7-4417-9170-F1DDA852CCD8}.Release|x64.Build.0 = Release|Any CPU
		{02422E93-EEF7-4417-9170-F1DDA852CCD8}.Release|x86.ActiveCfg = Release|Any CPU
		{02422E93-EEF7-4417-9170-F1DDA852CCD8}.Release|x86.Build.0 = Release|Any CPU
		{08F3CBA0-937E-49FF-AF76-DA19DE5870DF}.Debug|Any CPU.ActiveCfg = Debug|Any CPU
		{08F3CBA0-937E-49FF-AF76-DA19DE5870DF}.Debug|Any CPU.Build.0 = Debug|Any CPU
		{08F3CBA0-937E-49FF-AF76-DA19DE5870DF}.Debug|x64.ActiveCfg = Debug|Any CPU
		{08F3CBA0-937E-49FF-AF76-DA19DE5870DF}.Debug|x64.Build.0 = Debug|Any CPU
		{08F3CBA0-937E-49FF-AF76-DA19DE5870DF}.Debug|x86.ActiveCfg = Debug|Any CPU
		{08F3CBA0-937E-49FF-AF76-DA19DE5870DF}.Debug|x86.Build.0 = Debug|Any CPU
		{08F3CBA0-937E-49FF-AF76-DA19DE5870DF}.Release|Any CPU.ActiveCfg = Release|Any CPU
		{08F3CBA0-937E-49FF-AF76-DA19DE5870DF}.Release|Any CPU.Build.0 = Release|Any CPU
		{08F3CBA0-937E-49FF-AF76-DA19DE5870DF}.Release|x64.ActiveCfg = Release|Any CPU
		{08F3CBA0-937E-49FF-AF76-DA19DE5870DF}.Release|x64.Build.0 = Release|Any CPU
		{08F3CBA0-937E-49FF-AF76-DA19DE5870DF}.Release|x86.ActiveCfg = Release|Any CPU
		{08F3CBA0-937E-49FF-AF76-DA19DE5870DF}.Release|x86.Build.0 = Release|Any CPU
		{0D575533-A754-4BAE-BC25-75396D8E5D35}.Debug|Any CPU.ActiveCfg = Debug|Any CPU
		{0D575533-A754-4BAE-BC25-75396D8E5D35}.Debug|Any CPU.Build.0 = Debug|Any CPU
		{0D575533-A754-4BAE-BC25-75396D8E5D35}.Debug|x64.ActiveCfg = Debug|Any CPU
		{0D575533-A754-4BAE-BC25-75396D8E5D35}.Debug|x64.Build.0 = Debug|Any CPU
		{0D575533-A754-4BAE-BC25-75396D8E5D35}.Debug|x86.ActiveCfg = Debug|Any CPU
		{0D575533-A754-4BAE-BC25-75396D8E5D35}.Debug|x86.Build.0 = Debug|Any CPU
		{0D575533-A754-4BAE-BC25-75396D8E5D35}.Release|Any CPU.ActiveCfg = Release|Any CPU
		{0D575533-A754-4BAE-BC25-75396D8E5D35}.Release|Any CPU.Build.0 = Release|Any CPU
		{0D575533-A754-4BAE-BC25-75396D8E5D35}.Release|x64.ActiveCfg = Release|Any CPU
		{0D575533-A754-4BAE-BC25-75396D8E5D35}.Release|x64.Build.0 = Release|Any CPU
		{0D575533-A754-4BAE-BC25-75396D8E5D35}.Release|x86.ActiveCfg = Release|Any CPU
		{0D575533-A754-4BAE-BC25-75396D8E5D35}.Release|x86.Build.0 = Release|Any CPU
		{B2B11DEB-DF8F-4181-BC92-88357C5D849F}.Debug|Any CPU.ActiveCfg = Debug|Any CPU
		{B2B11DEB-DF8F-4181-BC92-88357C5D849F}.Debug|Any CPU.Build.0 = Debug|Any CPU
		{B2B11DEB-DF8F-4181-BC92-88357C5D849F}.Debug|x64.ActiveCfg = Debug|Any CPU
		{B2B11DEB-DF8F-4181-BC92-88357C5D849F}.Debug|x64.Build.0 = Debug|Any CPU
		{B2B11DEB-DF8F-4181-BC92-88357C5D849F}.Debug|x86.ActiveCfg = Debug|Any CPU
		{B2B11DEB-DF8F-4181-BC92-88357C5D849F}.Debug|x86.Build.0 = Debug|Any CPU
		{B2B11DEB-DF8F-4181-BC92-88357C5D849F}.Release|Any CPU.ActiveCfg = Release|Any CPU
		{B2B11DEB-DF8F-4181-BC92-88357C5D849F}.Release|Any CPU.Build.0 = Release|Any CPU
		{B2B11DEB-DF8F-4181-BC92-88357C5D849F}.Release|x64.ActiveCfg = Release|Any CPU
		{B2B11DEB-DF8F-4181-BC92-88357C5D849F}.Release|x64.Build.0 = Release|Any CPU
		{B2B11DEB-DF8F-4181-BC92-88357C5D849F}.Release|x86.ActiveCfg = Release|Any CPU
		{B2B11DEB-DF8F-4181-BC92-88357C5D849F}.Release|x86.Build.0 = Release|Any CPU
		{9314484E-434E-4BF2-86CD-BA89398D6F90}.Debug|Any CPU.ActiveCfg = Debug|Any CPU
		{9314484E-434E-4BF2-86CD-BA89398D6F90}.Debug|Any CPU.Build.0 = Debug|Any CPU
		{9314484E-434E-4BF2-86CD-BA89398D6F90}.Debug|x64.ActiveCfg = Debug|Any CPU
		{9314484E-434E-4BF2-86CD-BA89398D6F90}.Debug|x64.Build.0 = Debug|Any CPU
		{9314484E-434E-4BF2-86CD-BA89398D6F90}.Debug|x86.ActiveCfg = Debug|Any CPU
		{9314484E-434E-4BF2-86CD-BA89398D6F90}.Debug|x86.Build.0 = Debug|Any CPU
		{9314484E-434E-4BF2-86CD-BA89398D6F90}.Release|Any CPU.ActiveCfg = Release|Any CPU
		{9314484E-434E-4BF2-86CD-BA89398D6F90}.Release|Any CPU.Build.0 = Release|Any CPU
		{9314484E-434E-4BF2-86CD-BA89398D6F90}.Release|x64.ActiveCfg = Release|Any CPU
		{9314484E-434E-4BF2-86CD-BA89398D6F90}.Release|x64.Build.0 = Release|Any CPU
		{9314484E-434E-4BF2-86CD-BA89398D6F90}.Release|x86.ActiveCfg = Release|Any CPU
		{9314484E-434E-4BF2-86CD-BA89398D6F90}.Release|x86.Build.0 = Release|Any CPU
		{81019AE9-1A7F-4782-9231-9AB723D60FD6}.Debug|Any CPU.ActiveCfg = Debug|Any CPU
		{81019AE9-1A7F-4782-9231-9AB723D60FD6}.Debug|Any CPU.Build.0 = Debug|Any CPU
		{81019AE9-1A7F-4782-9231-9AB723D60FD6}.Debug|x64.ActiveCfg = Debug|Any CPU
		{81019AE9-1A7F-4782-9231-9AB723D60FD6}.Debug|x64.Build.0 = Debug|Any CPU
		{81019AE9-1A7F-4782-9231-9AB723D60FD6}.Debug|x86.ActiveCfg = Debug|Any CPU
		{81019AE9-1A7F-4782-9231-9AB723D60FD6}.Debug|x86.Build.0 = Debug|Any CPU
		{81019AE9-1A7F-4782-9231-9AB723D60FD6}.Release|Any CPU.ActiveCfg = Release|Any CPU
		{81019AE9-1A7F-4782-9231-9AB723D60FD6}.Release|Any CPU.Build.0 = Release|Any CPU
		{81019AE9-1A7F-4782-9231-9AB723D60FD6}.Release|x64.ActiveCfg = Release|Any CPU
		{81019AE9-1A7F-4782-9231-9AB723D60FD6}.Release|x64.Build.0 = Release|Any CPU
		{81019AE9-1A7F-4782-9231-9AB723D60FD6}.Release|x86.ActiveCfg = Release|Any CPU
		{81019AE9-1A7F-4782-9231-9AB723D60FD6}.Release|x86.Build.0 = Release|Any CPU
		{9C51F5B9-C43F-4D49-B144-C8E174850F68}.Debug|Any CPU.ActiveCfg = Debug|Any CPU
		{9C51F5B9-C43F-4D49-B144-C8E174850F68}.Debug|Any CPU.Build.0 = Debug|Any CPU
		{9C51F5B9-C43F-4D49-B144-C8E174850F68}.Debug|x64.ActiveCfg = Debug|Any CPU
		{9C51F5B9-C43F-4D49-B144-C8E174850F68}.Debug|x64.Build.0 = Debug|Any CPU
		{9C51F5B9-C43F-4D49-B144-C8E174850F68}.Debug|x86.ActiveCfg = Debug|Any CPU
		{9C51F5B9-C43F-4D49-B144-C8E174850F68}.Debug|x86.Build.0 = Debug|Any CPU
		{9C51F5B9-C43F-4D49-B144-C8E174850F68}.Release|Any CPU.ActiveCfg = Release|Any CPU
		{9C51F5B9-C43F-4D49-B144-C8E174850F68}.Release|Any CPU.Build.0 = Release|Any CPU
		{9C51F5B9-C43F-4D49-B144-C8E174850F68}.Release|x64.ActiveCfg = Release|Any CPU
		{9C51F5B9-C43F-4D49-B144-C8E174850F68}.Release|x64.Build.0 = Release|Any CPU
		{9C51F5B9-C43F-4D49-B144-C8E174850F68}.Release|x86.ActiveCfg = Release|Any CPU
		{9C51F5B9-C43F-4D49-B144-C8E174850F68}.Release|x86.Build.0 = Release|Any CPU
		{E1808E34-193C-41DC-B1CF-25CE5653B240}.Debug|Any CPU.ActiveCfg = Debug|Any CPU
		{E1808E34-193C-41DC-B1CF-25CE5653B240}.Debug|Any CPU.Build.0 = Debug|Any CPU
		{E1808E34-193C-41DC-B1CF-25CE5653B240}.Debug|x64.ActiveCfg = Debug|Any CPU
		{E1808E34-193C-41DC-B1CF-25CE5653B240}.Debug|x64.Build.0 = Debug|Any CPU
		{E1808E34-193C-41DC-B1CF-25CE5653B240}.Debug|x86.ActiveCfg = Debug|Any CPU
		{E1808E34-193C-41DC-B1CF-25CE5653B240}.Debug|x86.Build.0 = Debug|Any CPU
		{E1808E34-193C-41DC-B1CF-25CE5653B240}.Release|Any CPU.ActiveCfg = Release|Any CPU
		{E1808E34-193C-41DC-B1CF-25CE5653B240}.Release|Any CPU.Build.0 = Release|Any CPU
		{E1808E34-193C-41DC-B1CF-25CE5653B240}.Release|x64.ActiveCfg = Release|Any CPU
		{E1808E34-193C-41DC-B1CF-25CE5653B240}.Release|x64.Build.0 = Release|Any CPU
		{E1808E34-193C-41DC-B1CF-25CE5653B240}.Release|x86.ActiveCfg = Release|Any CPU
		{E1808E34-193C-41DC-B1CF-25CE5653B240}.Release|x86.Build.0 = Release|Any CPU
		{5F21858F-180C-4C59-AC2E-23CF6E7402C1}.Debug|Any CPU.ActiveCfg = Debug|Any CPU
		{5F21858F-180C-4C59-AC2E-23CF6E7402C1}.Debug|Any CPU.Build.0 = Debug|Any CPU
		{5F21858F-180C-4C59-AC2E-23CF6E7402C1}.Debug|x64.ActiveCfg = Debug|Any CPU
		{5F21858F-180C-4C59-AC2E-23CF6E7402C1}.Debug|x64.Build.0 = Debug|Any CPU
		{5F21858F-180C-4C59-AC2E-23CF6E7402C1}.Debug|x86.ActiveCfg = Debug|Any CPU
		{5F21858F-180C-4C59-AC2E-23CF6E7402C1}.Debug|x86.Build.0 = Debug|Any CPU
		{5F21858F-180C-4C59-AC2E-23CF6E7402C1}.Release|Any CPU.ActiveCfg = Release|Any CPU
		{5F21858F-180C-4C59-AC2E-23CF6E7402C1}.Release|Any CPU.Build.0 = Release|Any CPU
		{5F21858F-180C-4C59-AC2E-23CF6E7402C1}.Release|x64.ActiveCfg = Release|Any CPU
		{5F21858F-180C-4C59-AC2E-23CF6E7402C1}.Release|x64.Build.0 = Release|Any CPU
		{5F21858F-180C-4C59-AC2E-23CF6E7402C1}.Release|x86.ActiveCfg = Release|Any CPU
		{5F21858F-180C-4C59-AC2E-23CF6E7402C1}.Release|x86.Build.0 = Release|Any CPU
		{FE3CB007-9EF1-44C2-8727-D4842B140FFC}.Debug|Any CPU.ActiveCfg = Debug|Any CPU
		{FE3CB007-9EF1-44C2-8727-D4842B140FFC}.Debug|Any CPU.Build.0 = Debug|Any CPU
		{FE3CB007-9EF1-44C2-8727-D4842B140FFC}.Debug|x64.ActiveCfg = Debug|Any CPU
		{FE3CB007-9EF1-44C2-8727-D4842B140FFC}.Debug|x64.Build.0 = Debug|Any CPU
		{FE3CB007-9EF1-44C2-8727-D4842B140FFC}.Debug|x86.ActiveCfg = Debug|Any CPU
		{FE3CB007-9EF1-44C2-8727-D4842B140FFC}.Debug|x86.Build.0 = Debug|Any CPU
		{FE3CB007-9EF1-44C2-8727-D4842B140FFC}.Release|Any CPU.ActiveCfg = Release|Any CPU
		{FE3CB007-9EF1-44C2-8727-D4842B140FFC}.Release|Any CPU.Build.0 = Release|Any CPU
		{FE3CB007-9EF1-44C2-8727-D4842B140FFC}.Release|x64.ActiveCfg = Release|Any CPU
		{FE3CB007-9EF1-44C2-8727-D4842B140FFC}.Release|x64.Build.0 = Release|Any CPU
		{FE3CB007-9EF1-44C2-8727-D4842B140FFC}.Release|x86.ActiveCfg = Release|Any CPU
		{FE3CB007-9EF1-44C2-8727-D4842B140FFC}.Release|x86.Build.0 = Release|Any CPU
		{5F63D602-5010-4F7F-93E1-E53B0FD4C530}.Debug|Any CPU.ActiveCfg = Debug|Any CPU
		{5F63D602-5010-4F7F-93E1-E53B0FD4C530}.Debug|Any CPU.Build.0 = Debug|Any CPU
		{5F63D602-5010-4F7F-93E1-E53B0FD4C530}.Debug|x64.ActiveCfg = Debug|Any CPU
		{5F63D602-5010-4F7F-93E1-E53B0FD4C530}.Debug|x64.Build.0 = Debug|Any CPU
		{5F63D602-5010-4F7F-93E1-E53B0FD4C530}.Debug|x86.ActiveCfg = Debug|Any CPU
		{5F63D602-5010-4F7F-93E1-E53B0FD4C530}.Debug|x86.Build.0 = Debug|Any CPU
		{5F63D602-5010-4F7F-93E1-E53B0FD4C530}.Release|Any CPU.ActiveCfg = Release|Any CPU
		{5F63D602-5010-4F7F-93E1-E53B0FD4C530}.Release|Any CPU.Build.0 = Release|Any CPU
		{5F63D602-5010-4F7F-93E1-E53B0FD4C530}.Release|x64.ActiveCfg = Release|Any CPU
		{5F63D602-5010-4F7F-93E1-E53B0FD4C530}.Release|x64.Build.0 = Release|Any CPU
		{5F63D602-5010-4F7F-93E1-E53B0FD4C530}.Release|x86.ActiveCfg = Release|Any CPU
		{5F63D602-5010-4F7F-93E1-E53B0FD4C530}.Release|x86.Build.0 = Release|Any CPU
		{7155D847-7E17-49D8-9689-05A59E3B45A2}.Debug|Any CPU.ActiveCfg = Debug|Any CPU
		{7155D847-7E17-49D8-9689-05A59E3B45A2}.Debug|Any CPU.Build.0 = Debug|Any CPU
		{7155D847-7E17-49D8-9689-05A59E3B45A2}.Debug|x64.ActiveCfg = Debug|Any CPU
		{7155D847-7E17-49D8-9689-05A59E3B45A2}.Debug|x64.Build.0 = Debug|Any CPU
		{7155D847-7E17-49D8-9689-05A59E3B45A2}.Debug|x86.ActiveCfg = Debug|Any CPU
		{7155D847-7E17-49D8-9689-05A59E3B45A2}.Debug|x86.Build.0 = Debug|Any CPU
		{7155D847-7E17-49D8-9689-05A59E3B45A2}.Release|Any CPU.ActiveCfg = Release|Any CPU
		{7155D847-7E17-49D8-9689-05A59E3B45A2}.Release|Any CPU.Build.0 = Release|Any CPU
		{7155D847-7E17-49D8-9689-05A59E3B45A2}.Release|x64.ActiveCfg = Release|Any CPU
		{7155D847-7E17-49D8-9689-05A59E3B45A2}.Release|x64.Build.0 = Release|Any CPU
		{7155D847-7E17-49D8-9689-05A59E3B45A2}.Release|x86.ActiveCfg = Release|Any CPU
		{7155D847-7E17-49D8-9689-05A59E3B45A2}.Release|x86.Build.0 = Release|Any CPU
		{0817640E-2118-41C4-AC2B-79964FBB3A25}.Debug|Any CPU.ActiveCfg = Debug|Any CPU
		{0817640E-2118-41C4-AC2B-79964FBB3A25}.Debug|Any CPU.Build.0 = Debug|Any CPU
		{0817640E-2118-41C4-AC2B-79964FBB3A25}.Debug|x64.ActiveCfg = Debug|Any CPU
		{0817640E-2118-41C4-AC2B-79964FBB3A25}.Debug|x64.Build.0 = Debug|Any CPU
		{0817640E-2118-41C4-AC2B-79964FBB3A25}.Debug|x86.ActiveCfg = Debug|Any CPU
		{0817640E-2118-41C4-AC2B-79964FBB3A25}.Debug|x86.Build.0 = Debug|Any CPU
		{0817640E-2118-41C4-AC2B-79964FBB3A25}.Release|Any CPU.ActiveCfg = Release|Any CPU
		{0817640E-2118-41C4-AC2B-79964FBB3A25}.Release|Any CPU.Build.0 = Release|Any CPU
		{0817640E-2118-41C4-AC2B-79964FBB3A25}.Release|x64.ActiveCfg = Release|Any CPU
		{0817640E-2118-41C4-AC2B-79964FBB3A25}.Release|x64.Build.0 = Release|Any CPU
		{0817640E-2118-41C4-AC2B-79964FBB3A25}.Release|x86.ActiveCfg = Release|Any CPU
		{0817640E-2118-41C4-AC2B-79964FBB3A25}.Release|x86.Build.0 = Release|Any CPU
		{4EA4BC6D-882F-43EC-8D4E-A24C2635A2D0}.Debug|Any CPU.ActiveCfg = Debug|Any CPU
		{4EA4BC6D-882F-43EC-8D4E-A24C2635A2D0}.Debug|Any CPU.Build.0 = Debug|Any CPU
		{4EA4BC6D-882F-43EC-8D4E-A24C2635A2D0}.Debug|x64.ActiveCfg = Debug|Any CPU
		{4EA4BC6D-882F-43EC-8D4E-A24C2635A2D0}.Debug|x64.Build.0 = Debug|Any CPU
		{4EA4BC6D-882F-43EC-8D4E-A24C2635A2D0}.Debug|x86.ActiveCfg = Debug|Any CPU
		{4EA4BC6D-882F-43EC-8D4E-A24C2635A2D0}.Debug|x86.Build.0 = Debug|Any CPU
		{4EA4BC6D-882F-43EC-8D4E-A24C2635A2D0}.Release|Any CPU.ActiveCfg = Release|Any CPU
		{4EA4BC6D-882F-43EC-8D4E-A24C2635A2D0}.Release|Any CPU.Build.0 = Release|Any CPU
		{4EA4BC6D-882F-43EC-8D4E-A24C2635A2D0}.Release|x64.ActiveCfg = Release|Any CPU
		{4EA4BC6D-882F-43EC-8D4E-A24C2635A2D0}.Release|x64.Build.0 = Release|Any CPU
		{4EA4BC6D-882F-43EC-8D4E-A24C2635A2D0}.Release|x86.ActiveCfg = Release|Any CPU
		{4EA4BC6D-882F-43EC-8D4E-A24C2635A2D0}.Release|x86.Build.0 = Release|Any CPU
		{2D6D0FCB-46DE-4C4E-8527-859034F8D857}.Debug|Any CPU.ActiveCfg = Debug|Any CPU
		{2D6D0FCB-46DE-4C4E-8527-859034F8D857}.Debug|Any CPU.Build.0 = Debug|Any CPU
		{2D6D0FCB-46DE-4C4E-8527-859034F8D857}.Debug|x64.ActiveCfg = Debug|Any CPU
		{2D6D0FCB-46DE-4C4E-8527-859034F8D857}.Debug|x64.Build.0 = Debug|Any CPU
		{2D6D0FCB-46DE-4C4E-8527-859034F8D857}.Debug|x86.ActiveCfg = Debug|Any CPU
		{2D6D0FCB-46DE-4C4E-8527-859034F8D857}.Debug|x86.Build.0 = Debug|Any CPU
		{2D6D0FCB-46DE-4C4E-8527-859034F8D857}.Release|Any CPU.ActiveCfg = Release|Any CPU
		{2D6D0FCB-46DE-4C4E-8527-859034F8D857}.Release|Any CPU.Build.0 = Release|Any CPU
		{2D6D0FCB-46DE-4C4E-8527-859034F8D857}.Release|x64.ActiveCfg = Release|Any CPU
		{2D6D0FCB-46DE-4C4E-8527-859034F8D857}.Release|x64.Build.0 = Release|Any CPU
		{2D6D0FCB-46DE-4C4E-8527-859034F8D857}.Release|x86.ActiveCfg = Release|Any CPU
		{2D6D0FCB-46DE-4C4E-8527-859034F8D857}.Release|x86.Build.0 = Release|Any CPU
		{943C6C59-2F0E-4EF7-9BE7-36E5F80BD903}.Debug|Any CPU.ActiveCfg = Debug|Any CPU
		{943C6C59-2F0E-4EF7-9BE7-36E5F80BD903}.Debug|Any CPU.Build.0 = Debug|Any CPU
		{943C6C59-2F0E-4EF7-9BE7-36E5F80BD903}.Debug|x64.ActiveCfg = Debug|Any CPU
		{943C6C59-2F0E-4EF7-9BE7-36E5F80BD903}.Debug|x64.Build.0 = Debug|Any CPU
		{943C6C59-2F0E-4EF7-9BE7-36E5F80BD903}.Debug|x86.ActiveCfg = Debug|Any CPU
		{943C6C59-2F0E-4EF7-9BE7-36E5F80BD903}.Debug|x86.Build.0 = Debug|Any CPU
		{943C6C59-2F0E-4EF7-9BE7-36E5F80BD903}.Release|Any CPU.ActiveCfg = Release|Any CPU
		{943C6C59-2F0E-4EF7-9BE7-36E5F80BD903}.Release|Any CPU.Build.0 = Release|Any CPU
		{943C6C59-2F0E-4EF7-9BE7-36E5F80BD903}.Release|x64.ActiveCfg = Release|Any CPU
		{943C6C59-2F0E-4EF7-9BE7-36E5F80BD903}.Release|x64.Build.0 = Release|Any CPU
		{943C6C59-2F0E-4EF7-9BE7-36E5F80BD903}.Release|x86.ActiveCfg = Release|Any CPU
		{943C6C59-2F0E-4EF7-9BE7-36E5F80BD903}.Release|x86.Build.0 = Release|Any CPU
		{684EDFE8-0F8E-4437-ACD0-232DAC87C664}.Debug|Any CPU.ActiveCfg = Debug|Any CPU
		{684EDFE8-0F8E-4437-ACD0-232DAC87C664}.Debug|Any CPU.Build.0 = Debug|Any CPU
		{684EDFE8-0F8E-4437-ACD0-232DAC87C664}.Debug|x64.ActiveCfg = Debug|Any CPU
		{684EDFE8-0F8E-4437-ACD0-232DAC87C664}.Debug|x64.Build.0 = Debug|Any CPU
		{684EDFE8-0F8E-4437-ACD0-232DAC87C664}.Debug|x86.ActiveCfg = Debug|Any CPU
		{684EDFE8-0F8E-4437-ACD0-232DAC87C664}.Debug|x86.Build.0 = Debug|Any CPU
		{684EDFE8-0F8E-4437-ACD0-232DAC87C664}.Release|Any CPU.ActiveCfg = Release|Any CPU
		{684EDFE8-0F8E-4437-ACD0-232DAC87C664}.Release|Any CPU.Build.0 = Release|Any CPU
		{684EDFE8-0F8E-4437-ACD0-232DAC87C664}.Release|x64.ActiveCfg = Release|Any CPU
		{684EDFE8-0F8E-4437-ACD0-232DAC87C664}.Release|x64.Build.0 = Release|Any CPU
		{684EDFE8-0F8E-4437-ACD0-232DAC87C664}.Release|x86.ActiveCfg = Release|Any CPU
		{684EDFE8-0F8E-4437-ACD0-232DAC87C664}.Release|x86.Build.0 = Release|Any CPU
		{1E13FFEE-9ED9-434A-853C-6EB74C1A756E}.Debug|Any CPU.ActiveCfg = Debug|Any CPU
		{1E13FFEE-9ED9-434A-853C-6EB74C1A756E}.Debug|Any CPU.Build.0 = Debug|Any CPU
		{1E13FFEE-9ED9-434A-853C-6EB74C1A756E}.Debug|x64.ActiveCfg = Debug|Any CPU
		{1E13FFEE-9ED9-434A-853C-6EB74C1A756E}.Debug|x64.Build.0 = Debug|Any CPU
		{1E13FFEE-9ED9-434A-853C-6EB74C1A756E}.Debug|x86.ActiveCfg = Debug|Any CPU
		{1E13FFEE-9ED9-434A-853C-6EB74C1A756E}.Debug|x86.Build.0 = Debug|Any CPU
		{1E13FFEE-9ED9-434A-853C-6EB74C1A756E}.Release|Any CPU.ActiveCfg = Release|Any CPU
		{1E13FFEE-9ED9-434A-853C-6EB74C1A756E}.Release|Any CPU.Build.0 = Release|Any CPU
		{1E13FFEE-9ED9-434A-853C-6EB74C1A756E}.Release|x64.ActiveCfg = Release|Any CPU
		{1E13FFEE-9ED9-434A-853C-6EB74C1A756E}.Release|x64.Build.0 = Release|Any CPU
		{1E13FFEE-9ED9-434A-853C-6EB74C1A756E}.Release|x86.ActiveCfg = Release|Any CPU
		{1E13FFEE-9ED9-434A-853C-6EB74C1A756E}.Release|x86.Build.0 = Release|Any CPU
		{B72A2361-490A-4EAF-BE81-8F118C10EDB7}.Debug|Any CPU.ActiveCfg = Debug|Any CPU
		{B72A2361-490A-4EAF-BE81-8F118C10EDB7}.Debug|Any CPU.Build.0 = Debug|Any CPU
		{B72A2361-490A-4EAF-BE81-8F118C10EDB7}.Debug|x64.ActiveCfg = Debug|Any CPU
		{B72A2361-490A-4EAF-BE81-8F118C10EDB7}.Debug|x64.Build.0 = Debug|Any CPU
		{B72A2361-490A-4EAF-BE81-8F118C10EDB7}.Debug|x86.ActiveCfg = Debug|Any CPU
		{B72A2361-490A-4EAF-BE81-8F118C10EDB7}.Debug|x86.Build.0 = Debug|Any CPU
		{B72A2361-490A-4EAF-BE81-8F118C10EDB7}.Release|Any CPU.ActiveCfg = Release|Any CPU
		{B72A2361-490A-4EAF-BE81-8F118C10EDB7}.Release|Any CPU.Build.0 = Release|Any CPU
		{B72A2361-490A-4EAF-BE81-8F118C10EDB7}.Release|x64.ActiveCfg = Release|Any CPU
		{B72A2361-490A-4EAF-BE81-8F118C10EDB7}.Release|x64.Build.0 = Release|Any CPU
		{B72A2361-490A-4EAF-BE81-8F118C10EDB7}.Release|x86.ActiveCfg = Release|Any CPU
		{B72A2361-490A-4EAF-BE81-8F118C10EDB7}.Release|x86.Build.0 = Release|Any CPU
		{441CD123-E48D-49E4-BF76-D1BC6DBC5A66}.Debug|Any CPU.ActiveCfg = Debug|Any CPU
		{441CD123-E48D-49E4-BF76-D1BC6DBC5A66}.Debug|Any CPU.Build.0 = Debug|Any CPU
		{441CD123-E48D-49E4-BF76-D1BC6DBC5A66}.Debug|x64.ActiveCfg = Debug|Any CPU
		{441CD123-E48D-49E4-BF76-D1BC6DBC5A66}.Debug|x64.Build.0 = Debug|Any CPU
		{441CD123-E48D-49E4-BF76-D1BC6DBC5A66}.Debug|x86.ActiveCfg = Debug|Any CPU
		{441CD123-E48D-49E4-BF76-D1BC6DBC5A66}.Debug|x86.Build.0 = Debug|Any CPU
		{441CD123-E48D-49E4-BF76-D1BC6DBC5A66}.Release|Any CPU.ActiveCfg = Release|Any CPU
		{441CD123-E48D-49E4-BF76-D1BC6DBC5A66}.Release|Any CPU.Build.0 = Release|Any CPU
		{441CD123-E48D-49E4-BF76-D1BC6DBC5A66}.Release|x64.ActiveCfg = Release|Any CPU
		{441CD123-E48D-49E4-BF76-D1BC6DBC5A66}.Release|x64.Build.0 = Release|Any CPU
		{441CD123-E48D-49E4-BF76-D1BC6DBC5A66}.Release|x86.ActiveCfg = Release|Any CPU
		{441CD123-E48D-49E4-BF76-D1BC6DBC5A66}.Release|x86.Build.0 = Release|Any CPU
		{5CECD483-B3CE-4396-A698-2BC833BCD683}.Debug|Any CPU.ActiveCfg = Debug|Any CPU
		{5CECD483-B3CE-4396-A698-2BC833BCD683}.Debug|Any CPU.Build.0 = Debug|Any CPU
		{5CECD483-B3CE-4396-A698-2BC833BCD683}.Debug|x64.ActiveCfg = Debug|Any CPU
		{5CECD483-B3CE-4396-A698-2BC833BCD683}.Debug|x64.Build.0 = Debug|Any CPU
		{5CECD483-B3CE-4396-A698-2BC833BCD683}.Debug|x86.ActiveCfg = Debug|Any CPU
		{5CECD483-B3CE-4396-A698-2BC833BCD683}.Debug|x86.Build.0 = Debug|Any CPU
		{5CECD483-B3CE-4396-A698-2BC833BCD683}.Release|Any CPU.ActiveCfg = Release|Any CPU
		{5CECD483-B3CE-4396-A698-2BC833BCD683}.Release|Any CPU.Build.0 = Release|Any CPU
		{5CECD483-B3CE-4396-A698-2BC833BCD683}.Release|x64.ActiveCfg = Release|Any CPU
		{5CECD483-B3CE-4396-A698-2BC833BCD683}.Release|x64.Build.0 = Release|Any CPU
		{5CECD483-B3CE-4396-A698-2BC833BCD683}.Release|x86.ActiveCfg = Release|Any CPU
		{5CECD483-B3CE-4396-A698-2BC833BCD683}.Release|x86.Build.0 = Release|Any CPU
		{C32F9D84-9799-4C7E-A4A3-507CB64712D5}.Debug|Any CPU.ActiveCfg = Debug|Any CPU
		{C32F9D84-9799-4C7E-A4A3-507CB64712D5}.Debug|Any CPU.Build.0 = Debug|Any CPU
		{C32F9D84-9799-4C7E-A4A3-507CB64712D5}.Debug|x64.ActiveCfg = Debug|Any CPU
		{C32F9D84-9799-4C7E-A4A3-507CB64712D5}.Debug|x64.Build.0 = Debug|Any CPU
		{C32F9D84-9799-4C7E-A4A3-507CB64712D5}.Debug|x86.ActiveCfg = Debug|Any CPU
		{C32F9D84-9799-4C7E-A4A3-507CB64712D5}.Debug|x86.Build.0 = Debug|Any CPU
		{C32F9D84-9799-4C7E-A4A3-507CB64712D5}.Release|Any CPU.ActiveCfg = Release|Any CPU
		{C32F9D84-9799-4C7E-A4A3-507CB64712D5}.Release|Any CPU.Build.0 = Release|Any CPU
		{C32F9D84-9799-4C7E-A4A3-507CB64712D5}.Release|x64.ActiveCfg = Release|Any CPU
		{C32F9D84-9799-4C7E-A4A3-507CB64712D5}.Release|x64.Build.0 = Release|Any CPU
		{C32F9D84-9799-4C7E-A4A3-507CB64712D5}.Release|x86.ActiveCfg = Release|Any CPU
		{C32F9D84-9799-4C7E-A4A3-507CB64712D5}.Release|x86.Build.0 = Release|Any CPU
		{040EA809-C739-4FEA-A3E0-898D9ADC860B}.Debug|Any CPU.ActiveCfg = Debug|Any CPU
		{040EA809-C739-4FEA-A3E0-898D9ADC860B}.Debug|Any CPU.Build.0 = Debug|Any CPU
		{040EA809-C739-4FEA-A3E0-898D9ADC860B}.Debug|x64.ActiveCfg = Debug|Any CPU
		{040EA809-C739-4FEA-A3E0-898D9ADC860B}.Debug|x64.Build.0 = Debug|Any CPU
		{040EA809-C739-4FEA-A3E0-898D9ADC860B}.Debug|x86.ActiveCfg = Debug|Any CPU
		{040EA809-C739-4FEA-A3E0-898D9ADC860B}.Debug|x86.Build.0 = Debug|Any CPU
		{040EA809-C739-4FEA-A3E0-898D9ADC860B}.Release|Any CPU.ActiveCfg = Release|Any CPU
		{040EA809-C739-4FEA-A3E0-898D9ADC860B}.Release|Any CPU.Build.0 = Release|Any CPU
		{040EA809-C739-4FEA-A3E0-898D9ADC860B}.Release|x64.ActiveCfg = Release|Any CPU
		{040EA809-C739-4FEA-A3E0-898D9ADC860B}.Release|x64.Build.0 = Release|Any CPU
		{040EA809-C739-4FEA-A3E0-898D9ADC860B}.Release|x86.ActiveCfg = Release|Any CPU
		{040EA809-C739-4FEA-A3E0-898D9ADC860B}.Release|x86.Build.0 = Release|Any CPU
		{57FDE9DE-1CB0-4B8B-A9E7-CA04CE536B9B}.Debug|Any CPU.ActiveCfg = Debug|Any CPU
		{57FDE9DE-1CB0-4B8B-A9E7-CA04CE536B9B}.Debug|Any CPU.Build.0 = Debug|Any CPU
		{57FDE9DE-1CB0-4B8B-A9E7-CA04CE536B9B}.Debug|x64.ActiveCfg = Debug|Any CPU
		{57FDE9DE-1CB0-4B8B-A9E7-CA04CE536B9B}.Debug|x64.Build.0 = Debug|Any CPU
		{57FDE9DE-1CB0-4B8B-A9E7-CA04CE536B9B}.Debug|x86.ActiveCfg = Debug|Any CPU
		{57FDE9DE-1CB0-4B8B-A9E7-CA04CE536B9B}.Debug|x86.Build.0 = Debug|Any CPU
		{57FDE9DE-1CB0-4B8B-A9E7-CA04CE536B9B}.Release|Any CPU.ActiveCfg = Release|Any CPU
		{57FDE9DE-1CB0-4B8B-A9E7-CA04CE536B9B}.Release|Any CPU.Build.0 = Release|Any CPU
		{57FDE9DE-1CB0-4B8B-A9E7-CA04CE536B9B}.Release|x64.ActiveCfg = Release|Any CPU
		{57FDE9DE-1CB0-4B8B-A9E7-CA04CE536B9B}.Release|x64.Build.0 = Release|Any CPU
		{57FDE9DE-1CB0-4B8B-A9E7-CA04CE536B9B}.Release|x86.ActiveCfg = Release|Any CPU
		{57FDE9DE-1CB0-4B8B-A9E7-CA04CE536B9B}.Release|x86.Build.0 = Release|Any CPU
		{E53E057B-434C-4A21-9A5C-D9DBD4056092}.Debug|Any CPU.ActiveCfg = Debug|Any CPU
		{E53E057B-434C-4A21-9A5C-D9DBD4056092}.Debug|Any CPU.Build.0 = Debug|Any CPU
		{E53E057B-434C-4A21-9A5C-D9DBD4056092}.Debug|x64.ActiveCfg = Debug|Any CPU
		{E53E057B-434C-4A21-9A5C-D9DBD4056092}.Debug|x64.Build.0 = Debug|Any CPU
		{E53E057B-434C-4A21-9A5C-D9DBD4056092}.Debug|x86.ActiveCfg = Debug|Any CPU
		{E53E057B-434C-4A21-9A5C-D9DBD4056092}.Debug|x86.Build.0 = Debug|Any CPU
		{E53E057B-434C-4A21-9A5C-D9DBD4056092}.Release|Any CPU.ActiveCfg = Release|Any CPU
		{E53E057B-434C-4A21-9A5C-D9DBD4056092}.Release|Any CPU.Build.0 = Release|Any CPU
		{E53E057B-434C-4A21-9A5C-D9DBD4056092}.Release|x64.ActiveCfg = Release|Any CPU
		{E53E057B-434C-4A21-9A5C-D9DBD4056092}.Release|x64.Build.0 = Release|Any CPU
		{E53E057B-434C-4A21-9A5C-D9DBD4056092}.Release|x86.ActiveCfg = Release|Any CPU
		{E53E057B-434C-4A21-9A5C-D9DBD4056092}.Release|x86.Build.0 = Release|Any CPU
		{D456A54E-BD79-4307-84DD-80DB5114BBAE}.Debug|Any CPU.ActiveCfg = Debug|Any CPU
		{D456A54E-BD79-4307-84DD-80DB5114BBAE}.Debug|Any CPU.Build.0 = Debug|Any CPU
		{D456A54E-BD79-4307-84DD-80DB5114BBAE}.Debug|x64.ActiveCfg = Debug|Any CPU
		{D456A54E-BD79-4307-84DD-80DB5114BBAE}.Debug|x64.Build.0 = Debug|Any CPU
		{D456A54E-BD79-4307-84DD-80DB5114BBAE}.Debug|x86.ActiveCfg = Debug|Any CPU
		{D456A54E-BD79-4307-84DD-80DB5114BBAE}.Debug|x86.Build.0 = Debug|Any CPU
		{D456A54E-BD79-4307-84DD-80DB5114BBAE}.Release|Any CPU.ActiveCfg = Release|Any CPU
		{D456A54E-BD79-4307-84DD-80DB5114BBAE}.Release|Any CPU.Build.0 = Release|Any CPU
		{D456A54E-BD79-4307-84DD-80DB5114BBAE}.Release|x64.ActiveCfg = Release|Any CPU
		{D456A54E-BD79-4307-84DD-80DB5114BBAE}.Release|x64.Build.0 = Release|Any CPU
		{D456A54E-BD79-4307-84DD-80DB5114BBAE}.Release|x86.ActiveCfg = Release|Any CPU
		{D456A54E-BD79-4307-84DD-80DB5114BBAE}.Release|x86.Build.0 = Release|Any CPU
		{4AD4D12C-2EC2-490A-A637-19844F9CD90A}.Debug|Any CPU.ActiveCfg = Debug|Any CPU
		{4AD4D12C-2EC2-490A-A637-19844F9CD90A}.Debug|Any CPU.Build.0 = Debug|Any CPU
		{4AD4D12C-2EC2-490A-A637-19844F9CD90A}.Debug|x64.ActiveCfg = Debug|Any CPU
		{4AD4D12C-2EC2-490A-A637-19844F9CD90A}.Debug|x64.Build.0 = Debug|Any CPU
		{4AD4D12C-2EC2-490A-A637-19844F9CD90A}.Debug|x86.ActiveCfg = Debug|Any CPU
		{4AD4D12C-2EC2-490A-A637-19844F9CD90A}.Debug|x86.Build.0 = Debug|Any CPU
		{4AD4D12C-2EC2-490A-A637-19844F9CD90A}.Release|Any CPU.ActiveCfg = Release|Any CPU
		{4AD4D12C-2EC2-490A-A637-19844F9CD90A}.Release|Any CPU.Build.0 = Release|Any CPU
		{4AD4D12C-2EC2-490A-A637-19844F9CD90A}.Release|x64.ActiveCfg = Release|Any CPU
		{4AD4D12C-2EC2-490A-A637-19844F9CD90A}.Release|x64.Build.0 = Release|Any CPU
		{4AD4D12C-2EC2-490A-A637-19844F9CD90A}.Release|x86.ActiveCfg = Release|Any CPU
		{4AD4D12C-2EC2-490A-A637-19844F9CD90A}.Release|x86.Build.0 = Release|Any CPU
		{03B6D26E-0584-451B-AC29-C57829DF7731}.Debug|Any CPU.ActiveCfg = Debug|Any CPU
		{03B6D26E-0584-451B-AC29-C57829DF7731}.Debug|Any CPU.Build.0 = Debug|Any CPU
		{03B6D26E-0584-451B-AC29-C57829DF7731}.Debug|x64.ActiveCfg = Debug|Any CPU
		{03B6D26E-0584-451B-AC29-C57829DF7731}.Debug|x64.Build.0 = Debug|Any CPU
		{03B6D26E-0584-451B-AC29-C57829DF7731}.Debug|x86.ActiveCfg = Debug|Any CPU
		{03B6D26E-0584-451B-AC29-C57829DF7731}.Debug|x86.Build.0 = Debug|Any CPU
		{03B6D26E-0584-451B-AC29-C57829DF7731}.Release|Any CPU.ActiveCfg = Release|Any CPU
		{03B6D26E-0584-451B-AC29-C57829DF7731}.Release|Any CPU.Build.0 = Release|Any CPU
		{03B6D26E-0584-451B-AC29-C57829DF7731}.Release|x64.ActiveCfg = Release|Any CPU
		{03B6D26E-0584-451B-AC29-C57829DF7731}.Release|x64.Build.0 = Release|Any CPU
		{03B6D26E-0584-451B-AC29-C57829DF7731}.Release|x86.ActiveCfg = Release|Any CPU
		{03B6D26E-0584-451B-AC29-C57829DF7731}.Release|x86.Build.0 = Release|Any CPU
		{E5DF0765-7A03-409D-91AA-611747C994C1}.Debug|Any CPU.ActiveCfg = Debug|Any CPU
		{E5DF0765-7A03-409D-91AA-611747C994C1}.Debug|Any CPU.Build.0 = Debug|Any CPU
		{E5DF0765-7A03-409D-91AA-611747C994C1}.Debug|x64.ActiveCfg = Debug|Any CPU
		{E5DF0765-7A03-409D-91AA-611747C994C1}.Debug|x64.Build.0 = Debug|Any CPU
		{E5DF0765-7A03-409D-91AA-611747C994C1}.Debug|x86.ActiveCfg = Debug|Any CPU
		{E5DF0765-7A03-409D-91AA-611747C994C1}.Debug|x86.Build.0 = Debug|Any CPU
		{E5DF0765-7A03-409D-91AA-611747C994C1}.Release|Any CPU.ActiveCfg = Release|Any CPU
		{E5DF0765-7A03-409D-91AA-611747C994C1}.Release|Any CPU.Build.0 = Release|Any CPU
		{E5DF0765-7A03-409D-91AA-611747C994C1}.Release|x64.ActiveCfg = Release|Any CPU
		{E5DF0765-7A03-409D-91AA-611747C994C1}.Release|x64.Build.0 = Release|Any CPU
		{E5DF0765-7A03-409D-91AA-611747C994C1}.Release|x86.ActiveCfg = Release|Any CPU
		{E5DF0765-7A03-409D-91AA-611747C994C1}.Release|x86.Build.0 = Release|Any CPU
		{2F6283D9-3C70-4A97-A1C8-E88463851475}.Debug|Any CPU.ActiveCfg = Debug|Any CPU
		{2F6283D9-3C70-4A97-A1C8-E88463851475}.Debug|Any CPU.Build.0 = Debug|Any CPU
		{2F6283D9-3C70-4A97-A1C8-E88463851475}.Debug|x64.ActiveCfg = Debug|Any CPU
		{2F6283D9-3C70-4A97-A1C8-E88463851475}.Debug|x64.Build.0 = Debug|Any CPU
		{2F6283D9-3C70-4A97-A1C8-E88463851475}.Debug|x86.ActiveCfg = Debug|Any CPU
		{2F6283D9-3C70-4A97-A1C8-E88463851475}.Debug|x86.Build.0 = Debug|Any CPU
		{2F6283D9-3C70-4A97-A1C8-E88463851475}.Release|Any CPU.ActiveCfg = Release|Any CPU
		{2F6283D9-3C70-4A97-A1C8-E88463851475}.Release|Any CPU.Build.0 = Release|Any CPU
		{2F6283D9-3C70-4A97-A1C8-E88463851475}.Release|x64.ActiveCfg = Release|Any CPU
		{2F6283D9-3C70-4A97-A1C8-E88463851475}.Release|x64.Build.0 = Release|Any CPU
		{2F6283D9-3C70-4A97-A1C8-E88463851475}.Release|x86.ActiveCfg = Release|Any CPU
		{2F6283D9-3C70-4A97-A1C8-E88463851475}.Release|x86.Build.0 = Release|Any CPU
		{FC246277-6552-40A4-B216-3B274809F68B}.Debug|Any CPU.ActiveCfg = Debug|Any CPU
		{FC246277-6552-40A4-B216-3B274809F68B}.Debug|Any CPU.Build.0 = Debug|Any CPU
		{FC246277-6552-40A4-B216-3B274809F68B}.Debug|x64.ActiveCfg = Debug|Any CPU
		{FC246277-6552-40A4-B216-3B274809F68B}.Debug|x64.Build.0 = Debug|Any CPU
		{FC246277-6552-40A4-B216-3B274809F68B}.Debug|x86.ActiveCfg = Debug|Any CPU
		{FC246277-6552-40A4-B216-3B274809F68B}.Debug|x86.Build.0 = Debug|Any CPU
		{FC246277-6552-40A4-B216-3B274809F68B}.Release|Any CPU.ActiveCfg = Release|Any CPU
		{FC246277-6552-40A4-B216-3B274809F68B}.Release|Any CPU.Build.0 = Release|Any CPU
		{FC246277-6552-40A4-B216-3B274809F68B}.Release|x64.ActiveCfg = Release|Any CPU
		{FC246277-6552-40A4-B216-3B274809F68B}.Release|x64.Build.0 = Release|Any CPU
		{FC246277-6552-40A4-B216-3B274809F68B}.Release|x86.ActiveCfg = Release|Any CPU
		{FC246277-6552-40A4-B216-3B274809F68B}.Release|x86.Build.0 = Release|Any CPU
		{2663AD2D-E12F-490B-AA7D-6A0DB0CD3CEE}.Debug|Any CPU.ActiveCfg = Debug|Any CPU
		{2663AD2D-E12F-490B-AA7D-6A0DB0CD3CEE}.Debug|Any CPU.Build.0 = Debug|Any CPU
		{2663AD2D-E12F-490B-AA7D-6A0DB0CD3CEE}.Debug|x64.ActiveCfg = Debug|Any CPU
		{2663AD2D-E12F-490B-AA7D-6A0DB0CD3CEE}.Debug|x64.Build.0 = Debug|Any CPU
		{2663AD2D-E12F-490B-AA7D-6A0DB0CD3CEE}.Debug|x86.ActiveCfg = Debug|Any CPU
		{2663AD2D-E12F-490B-AA7D-6A0DB0CD3CEE}.Debug|x86.Build.0 = Debug|Any CPU
		{2663AD2D-E12F-490B-AA7D-6A0DB0CD3CEE}.Release|Any CPU.ActiveCfg = Release|Any CPU
		{2663AD2D-E12F-490B-AA7D-6A0DB0CD3CEE}.Release|Any CPU.Build.0 = Release|Any CPU
		{2663AD2D-E12F-490B-AA7D-6A0DB0CD3CEE}.Release|x64.ActiveCfg = Release|Any CPU
		{2663AD2D-E12F-490B-AA7D-6A0DB0CD3CEE}.Release|x64.Build.0 = Release|Any CPU
		{2663AD2D-E12F-490B-AA7D-6A0DB0CD3CEE}.Release|x86.ActiveCfg = Release|Any CPU
		{2663AD2D-E12F-490B-AA7D-6A0DB0CD3CEE}.Release|x86.Build.0 = Release|Any CPU
		{CD27965B-50FA-496C-BB0C-83C0DBDA8461}.Debug|Any CPU.ActiveCfg = Debug|Any CPU
		{CD27965B-50FA-496C-BB0C-83C0DBDA8461}.Debug|Any CPU.Build.0 = Debug|Any CPU
		{CD27965B-50FA-496C-BB0C-83C0DBDA8461}.Debug|x64.ActiveCfg = Debug|Any CPU
		{CD27965B-50FA-496C-BB0C-83C0DBDA8461}.Debug|x64.Build.0 = Debug|Any CPU
		{CD27965B-50FA-496C-BB0C-83C0DBDA8461}.Debug|x86.ActiveCfg = Debug|Any CPU
		{CD27965B-50FA-496C-BB0C-83C0DBDA8461}.Debug|x86.Build.0 = Debug|Any CPU
		{CD27965B-50FA-496C-BB0C-83C0DBDA8461}.Release|Any CPU.ActiveCfg = Release|Any CPU
		{CD27965B-50FA-496C-BB0C-83C0DBDA8461}.Release|Any CPU.Build.0 = Release|Any CPU
		{CD27965B-50FA-496C-BB0C-83C0DBDA8461}.Release|x64.ActiveCfg = Release|Any CPU
		{CD27965B-50FA-496C-BB0C-83C0DBDA8461}.Release|x64.Build.0 = Release|Any CPU
		{CD27965B-50FA-496C-BB0C-83C0DBDA8461}.Release|x86.ActiveCfg = Release|Any CPU
		{CD27965B-50FA-496C-BB0C-83C0DBDA8461}.Release|x86.Build.0 = Release|Any CPU
		{F4BF60C2-266E-40C6-9C1D-8669271E2CA1}.Debug|Any CPU.ActiveCfg = Debug|Any CPU
		{F4BF60C2-266E-40C6-9C1D-8669271E2CA1}.Debug|Any CPU.Build.0 = Debug|Any CPU
		{F4BF60C2-266E-40C6-9C1D-8669271E2CA1}.Debug|x64.ActiveCfg = Debug|Any CPU
		{F4BF60C2-266E-40C6-9C1D-8669271E2CA1}.Debug|x64.Build.0 = Debug|Any CPU
		{F4BF60C2-266E-40C6-9C1D-8669271E2CA1}.Debug|x86.ActiveCfg = Debug|Any CPU
		{F4BF60C2-266E-40C6-9C1D-8669271E2CA1}.Debug|x86.Build.0 = Debug|Any CPU
		{F4BF60C2-266E-40C6-9C1D-8669271E2CA1}.Release|Any CPU.ActiveCfg = Release|Any CPU
		{F4BF60C2-266E-40C6-9C1D-8669271E2CA1}.Release|Any CPU.Build.0 = Release|Any CPU
		{F4BF60C2-266E-40C6-9C1D-8669271E2CA1}.Release|x64.ActiveCfg = Release|Any CPU
		{F4BF60C2-266E-40C6-9C1D-8669271E2CA1}.Release|x64.Build.0 = Release|Any CPU
		{F4BF60C2-266E-40C6-9C1D-8669271E2CA1}.Release|x86.ActiveCfg = Release|Any CPU
		{F4BF60C2-266E-40C6-9C1D-8669271E2CA1}.Release|x86.Build.0 = Release|Any CPU
		{0AAB5982-4873-4D2E-AEE1-F69FD6599971}.Debug|Any CPU.ActiveCfg = Debug|Any CPU
		{0AAB5982-4873-4D2E-AEE1-F69FD6599971}.Debug|Any CPU.Build.0 = Debug|Any CPU
		{0AAB5982-4873-4D2E-AEE1-F69FD6599971}.Debug|x64.ActiveCfg = Debug|Any CPU
		{0AAB5982-4873-4D2E-AEE1-F69FD6599971}.Debug|x64.Build.0 = Debug|Any CPU
		{0AAB5982-4873-4D2E-AEE1-F69FD6599971}.Debug|x86.ActiveCfg = Debug|Any CPU
		{0AAB5982-4873-4D2E-AEE1-F69FD6599971}.Debug|x86.Build.0 = Debug|Any CPU
		{0AAB5982-4873-4D2E-AEE1-F69FD6599971}.Release|Any CPU.ActiveCfg = Release|Any CPU
		{0AAB5982-4873-4D2E-AEE1-F69FD6599971}.Release|Any CPU.Build.0 = Release|Any CPU
		{0AAB5982-4873-4D2E-AEE1-F69FD6599971}.Release|x64.ActiveCfg = Release|Any CPU
		{0AAB5982-4873-4D2E-AEE1-F69FD6599971}.Release|x64.Build.0 = Release|Any CPU
		{0AAB5982-4873-4D2E-AEE1-F69FD6599971}.Release|x86.ActiveCfg = Release|Any CPU
		{0AAB5982-4873-4D2E-AEE1-F69FD6599971}.Release|x86.Build.0 = Release|Any CPU
		{1C60B25A-5AA0-4F8B-B098-0DF3834EDB5E}.Debug|Any CPU.ActiveCfg = Debug|Any CPU
		{1C60B25A-5AA0-4F8B-B098-0DF3834EDB5E}.Debug|Any CPU.Build.0 = Debug|Any CPU
		{1C60B25A-5AA0-4F8B-B098-0DF3834EDB5E}.Debug|x64.ActiveCfg = Debug|Any CPU
		{1C60B25A-5AA0-4F8B-B098-0DF3834EDB5E}.Debug|x64.Build.0 = Debug|Any CPU
		{1C60B25A-5AA0-4F8B-B098-0DF3834EDB5E}.Debug|x86.ActiveCfg = Debug|Any CPU
		{1C60B25A-5AA0-4F8B-B098-0DF3834EDB5E}.Debug|x86.Build.0 = Debug|Any CPU
		{1C60B25A-5AA0-4F8B-B098-0DF3834EDB5E}.Release|Any CPU.ActiveCfg = Release|Any CPU
		{1C60B25A-5AA0-4F8B-B098-0DF3834EDB5E}.Release|Any CPU.Build.0 = Release|Any CPU
		{1C60B25A-5AA0-4F8B-B098-0DF3834EDB5E}.Release|x64.ActiveCfg = Release|Any CPU
		{1C60B25A-5AA0-4F8B-B098-0DF3834EDB5E}.Release|x64.Build.0 = Release|Any CPU
		{1C60B25A-5AA0-4F8B-B098-0DF3834EDB5E}.Release|x86.ActiveCfg = Release|Any CPU
		{1C60B25A-5AA0-4F8B-B098-0DF3834EDB5E}.Release|x86.Build.0 = Release|Any CPU
		{1059CD8D-DC61-43E3-A6F9-EEA923F385FF}.Debug|Any CPU.ActiveCfg = Debug|Any CPU
		{1059CD8D-DC61-43E3-A6F9-EEA923F385FF}.Debug|Any CPU.Build.0 = Debug|Any CPU
		{1059CD8D-DC61-43E3-A6F9-EEA923F385FF}.Debug|x64.ActiveCfg = Debug|Any CPU
		{1059CD8D-DC61-43E3-A6F9-EEA923F385FF}.Debug|x64.Build.0 = Debug|Any CPU
		{1059CD8D-DC61-43E3-A6F9-EEA923F385FF}.Debug|x86.ActiveCfg = Debug|Any CPU
		{1059CD8D-DC61-43E3-A6F9-EEA923F385FF}.Debug|x86.Build.0 = Debug|Any CPU
		{1059CD8D-DC61-43E3-A6F9-EEA923F385FF}.Release|Any CPU.ActiveCfg = Release|Any CPU
		{1059CD8D-DC61-43E3-A6F9-EEA923F385FF}.Release|Any CPU.Build.0 = Release|Any CPU
		{1059CD8D-DC61-43E3-A6F9-EEA923F385FF}.Release|x64.ActiveCfg = Release|Any CPU
		{1059CD8D-DC61-43E3-A6F9-EEA923F385FF}.Release|x64.Build.0 = Release|Any CPU
		{1059CD8D-DC61-43E3-A6F9-EEA923F385FF}.Release|x86.ActiveCfg = Release|Any CPU
		{1059CD8D-DC61-43E3-A6F9-EEA923F385FF}.Release|x86.Build.0 = Release|Any CPU
		{B41BEE5C-3827-4240-8340-107F23B78331}.Debug|Any CPU.ActiveCfg = Debug|Any CPU
		{B41BEE5C-3827-4240-8340-107F23B78331}.Debug|Any CPU.Build.0 = Debug|Any CPU
		{B41BEE5C-3827-4240-8340-107F23B78331}.Debug|x64.ActiveCfg = Debug|Any CPU
		{B41BEE5C-3827-4240-8340-107F23B78331}.Debug|x64.Build.0 = Debug|Any CPU
		{B41BEE5C-3827-4240-8340-107F23B78331}.Debug|x86.ActiveCfg = Debug|Any CPU
		{B41BEE5C-3827-4240-8340-107F23B78331}.Debug|x86.Build.0 = Debug|Any CPU
		{B41BEE5C-3827-4240-8340-107F23B78331}.Release|Any CPU.ActiveCfg = Release|Any CPU
		{B41BEE5C-3827-4240-8340-107F23B78331}.Release|Any CPU.Build.0 = Release|Any CPU
		{B41BEE5C-3827-4240-8340-107F23B78331}.Release|x64.ActiveCfg = Release|Any CPU
		{B41BEE5C-3827-4240-8340-107F23B78331}.Release|x64.Build.0 = Release|Any CPU
		{B41BEE5C-3827-4240-8340-107F23B78331}.Release|x86.ActiveCfg = Release|Any CPU
		{B41BEE5C-3827-4240-8340-107F23B78331}.Release|x86.Build.0 = Release|Any CPU
		{67BFCF70-424B-47EA-B46E-988EE4C16C71}.Debug|Any CPU.ActiveCfg = Debug|Any CPU
		{67BFCF70-424B-47EA-B46E-988EE4C16C71}.Debug|Any CPU.Build.0 = Debug|Any CPU
		{67BFCF70-424B-47EA-B46E-988EE4C16C71}.Debug|x64.ActiveCfg = Debug|Any CPU
		{67BFCF70-424B-47EA-B46E-988EE4C16C71}.Debug|x64.Build.0 = Debug|Any CPU
		{67BFCF70-424B-47EA-B46E-988EE4C16C71}.Debug|x86.ActiveCfg = Debug|Any CPU
		{67BFCF70-424B-47EA-B46E-988EE4C16C71}.Debug|x86.Build.0 = Debug|Any CPU
		{67BFCF70-424B-47EA-B46E-988EE4C16C71}.Release|Any CPU.ActiveCfg = Release|Any CPU
		{67BFCF70-424B-47EA-B46E-988EE4C16C71}.Release|Any CPU.Build.0 = Release|Any CPU
		{67BFCF70-424B-47EA-B46E-988EE4C16C71}.Release|x64.ActiveCfg = Release|Any CPU
		{67BFCF70-424B-47EA-B46E-988EE4C16C71}.Release|x64.Build.0 = Release|Any CPU
		{67BFCF70-424B-47EA-B46E-988EE4C16C71}.Release|x86.ActiveCfg = Release|Any CPU
		{67BFCF70-424B-47EA-B46E-988EE4C16C71}.Release|x86.Build.0 = Release|Any CPU
		{ADDA695F-4F9F-4415-9FDA-37C53D5D87D3}.Debug|Any CPU.ActiveCfg = Debug|Any CPU
		{ADDA695F-4F9F-4415-9FDA-37C53D5D87D3}.Debug|Any CPU.Build.0 = Debug|Any CPU
		{ADDA695F-4F9F-4415-9FDA-37C53D5D87D3}.Debug|x64.ActiveCfg = Debug|Any CPU
		{ADDA695F-4F9F-4415-9FDA-37C53D5D87D3}.Debug|x64.Build.0 = Debug|Any CPU
		{ADDA695F-4F9F-4415-9FDA-37C53D5D87D3}.Debug|x86.ActiveCfg = Debug|Any CPU
		{ADDA695F-4F9F-4415-9FDA-37C53D5D87D3}.Debug|x86.Build.0 = Debug|Any CPU
		{ADDA695F-4F9F-4415-9FDA-37C53D5D87D3}.Release|Any CPU.ActiveCfg = Release|Any CPU
		{ADDA695F-4F9F-4415-9FDA-37C53D5D87D3}.Release|Any CPU.Build.0 = Release|Any CPU
		{ADDA695F-4F9F-4415-9FDA-37C53D5D87D3}.Release|x64.ActiveCfg = Release|Any CPU
		{ADDA695F-4F9F-4415-9FDA-37C53D5D87D3}.Release|x64.Build.0 = Release|Any CPU
		{ADDA695F-4F9F-4415-9FDA-37C53D5D87D3}.Release|x86.ActiveCfg = Release|Any CPU
		{ADDA695F-4F9F-4415-9FDA-37C53D5D87D3}.Release|x86.Build.0 = Release|Any CPU
		{5E31CB78-035E-46E1-BDA5-9BAB453B7CA1}.Debug|Any CPU.ActiveCfg = Debug|Any CPU
		{5E31CB78-035E-46E1-BDA5-9BAB453B7CA1}.Debug|Any CPU.Build.0 = Debug|Any CPU
		{5E31CB78-035E-46E1-BDA5-9BAB453B7CA1}.Debug|x64.ActiveCfg = Debug|Any CPU
		{5E31CB78-035E-46E1-BDA5-9BAB453B7CA1}.Debug|x64.Build.0 = Debug|Any CPU
		{5E31CB78-035E-46E1-BDA5-9BAB453B7CA1}.Debug|x86.ActiveCfg = Debug|Any CPU
		{5E31CB78-035E-46E1-BDA5-9BAB453B7CA1}.Debug|x86.Build.0 = Debug|Any CPU
		{5E31CB78-035E-46E1-BDA5-9BAB453B7CA1}.Release|Any CPU.ActiveCfg = Release|Any CPU
		{5E31CB78-035E-46E1-BDA5-9BAB453B7CA1}.Release|Any CPU.Build.0 = Release|Any CPU
		{5E31CB78-035E-46E1-BDA5-9BAB453B7CA1}.Release|x64.ActiveCfg = Release|Any CPU
		{5E31CB78-035E-46E1-BDA5-9BAB453B7CA1}.Release|x64.Build.0 = Release|Any CPU
		{5E31CB78-035E-46E1-BDA5-9BAB453B7CA1}.Release|x86.ActiveCfg = Release|Any CPU
		{5E31CB78-035E-46E1-BDA5-9BAB453B7CA1}.Release|x86.Build.0 = Release|Any CPU
		{0314930A-BC17-4196-83D6-9A00AA789A4C}.Debug|Any CPU.ActiveCfg = Debug|Any CPU
		{0314930A-BC17-4196-83D6-9A00AA789A4C}.Debug|Any CPU.Build.0 = Debug|Any CPU
		{0314930A-BC17-4196-83D6-9A00AA789A4C}.Debug|x64.ActiveCfg = Debug|Any CPU
		{0314930A-BC17-4196-83D6-9A00AA789A4C}.Debug|x64.Build.0 = Debug|Any CPU
		{0314930A-BC17-4196-83D6-9A00AA789A4C}.Debug|x86.ActiveCfg = Debug|Any CPU
		{0314930A-BC17-4196-83D6-9A00AA789A4C}.Debug|x86.Build.0 = Debug|Any CPU
		{0314930A-BC17-4196-83D6-9A00AA789A4C}.Release|Any CPU.ActiveCfg = Release|Any CPU
		{0314930A-BC17-4196-83D6-9A00AA789A4C}.Release|Any CPU.Build.0 = Release|Any CPU
		{0314930A-BC17-4196-83D6-9A00AA789A4C}.Release|x64.ActiveCfg = Release|Any CPU
		{0314930A-BC17-4196-83D6-9A00AA789A4C}.Release|x64.Build.0 = Release|Any CPU
		{0314930A-BC17-4196-83D6-9A00AA789A4C}.Release|x86.ActiveCfg = Release|Any CPU
		{0314930A-BC17-4196-83D6-9A00AA789A4C}.Release|x86.Build.0 = Release|Any CPU
		{065DDD22-1DF8-4969-95FF-ED151751991F}.Debug|Any CPU.ActiveCfg = Debug|Any CPU
		{065DDD22-1DF8-4969-95FF-ED151751991F}.Debug|Any CPU.Build.0 = Debug|Any CPU
		{065DDD22-1DF8-4969-95FF-ED151751991F}.Debug|x64.ActiveCfg = Debug|Any CPU
		{065DDD22-1DF8-4969-95FF-ED151751991F}.Debug|x64.Build.0 = Debug|Any CPU
		{065DDD22-1DF8-4969-95FF-ED151751991F}.Debug|x86.ActiveCfg = Debug|Any CPU
		{065DDD22-1DF8-4969-95FF-ED151751991F}.Debug|x86.Build.0 = Debug|Any CPU
		{065DDD22-1DF8-4969-95FF-ED151751991F}.Release|Any CPU.ActiveCfg = Release|Any CPU
		{065DDD22-1DF8-4969-95FF-ED151751991F}.Release|Any CPU.Build.0 = Release|Any CPU
		{065DDD22-1DF8-4969-95FF-ED151751991F}.Release|x64.ActiveCfg = Release|Any CPU
		{065DDD22-1DF8-4969-95FF-ED151751991F}.Release|x64.Build.0 = Release|Any CPU
		{065DDD22-1DF8-4969-95FF-ED151751991F}.Release|x86.ActiveCfg = Release|Any CPU
		{065DDD22-1DF8-4969-95FF-ED151751991F}.Release|x86.Build.0 = Release|Any CPU
	EndGlobalSection
	GlobalSection(SolutionProperties) = preSolution
		HideSolutionNode = FALSE
	EndGlobalSection
	GlobalSection(NestedProjects) = preSolution
		{6306A8FB-679E-111F-6585-8F70E0EE6013} = {827E0CD3-B72D-47B6-A68D-7590B98EB39B}
		{1095522E-A586-477B-9FF3-354F59E240B0} = {6306A8FB-679E-111F-6585-8F70E0EE6013}
		{DDF1D58E-3D1E-4002-993F-AF84C6A34853} = {827E0CD3-B72D-47B6-A68D-7590B98EB39B}
		{2C50E655-F14C-47B1-9EE0-1AE3EEF48C0E} = {827E0CD3-B72D-47B6-A68D-7590B98EB39B}
		{96ADD3DF-EE79-443C-A9A5-FE66581E5E50} = {827E0CD3-B72D-47B6-A68D-7590B98EB39B}
		{090441C4-4846-4A83-9D5D-E4991B6728AE} = {827E0CD3-B72D-47B6-A68D-7590B98EB39B}
		{1C55BA42-8ACD-41BA-B5CE-370F48CC42E4} = {827E0CD3-B72D-47B6-A68D-7590B98EB39B}
		{B796D746-7B33-4AF3-84A6-64D63E804C79} = {827E0CD3-B72D-47B6-A68D-7590B98EB39B}
		{A18E3273-8200-4FFB-B5C4-6894BBD30648} = {827E0CD3-B72D-47B6-A68D-7590B98EB39B}
		{2B089818-9EA9-46BD-9D2E-A9318467BBCC} = {827E0CD3-B72D-47B6-A68D-7590B98EB39B}
		{A5526687-42DC-46F7-BD83-FA7CFE268EE7} = {827E0CD3-B72D-47B6-A68D-7590B98EB39B}
		{C44D9E9A-F108-4658-8D32-1C94577AF3CA} = {827E0CD3-B72D-47B6-A68D-7590B98EB39B}
		{A8E8F85B-C11C-4C8F-9FC1-BA20A2BD8BAD} = {827E0CD3-B72D-47B6-A68D-7590B98EB39B}
		{3717CAA7-BB2D-459D-998F-A8AF3502B997} = {827E0CD3-B72D-47B6-A68D-7590B98EB39B}
		{D692BA29-5001-4A93-A005-22D941928859} = {827E0CD3-B72D-47B6-A68D-7590B98EB39B}
		{FF561FCC-DA30-46FC-9EAF-472CF9991DE5} = {827E0CD3-B72D-47B6-A68D-7590B98EB39B}
		{02422E93-EEF7-4417-9170-F1DDA852CCD8} = {827E0CD3-B72D-47B6-A68D-7590B98EB39B}
		{08F3CBA0-937E-49FF-AF76-DA19DE5870DF} = {827E0CD3-B72D-47B6-A68D-7590B98EB39B}
		{0D575533-A754-4BAE-BC25-75396D8E5D35} = {827E0CD3-B72D-47B6-A68D-7590B98EB39B}
		{B2B11DEB-DF8F-4181-BC92-88357C5D849F} = {827E0CD3-B72D-47B6-A68D-7590B98EB39B}
		{9314484E-434E-4BF2-86CD-BA89398D6F90} = {827E0CD3-B72D-47B6-A68D-7590B98EB39B}
		{81019AE9-1A7F-4782-9231-9AB723D60FD6} = {827E0CD3-B72D-47B6-A68D-7590B98EB39B}
		{9C51F5B9-C43F-4D49-B144-C8E174850F68} = {827E0CD3-B72D-47B6-A68D-7590B98EB39B}
		{E1808E34-193C-41DC-B1CF-25CE5653B240} = {827E0CD3-B72D-47B6-A68D-7590B98EB39B}
		{5F21858F-180C-4C59-AC2E-23CF6E7402C1} = {827E0CD3-B72D-47B6-A68D-7590B98EB39B}
		{FE3CB007-9EF1-44C2-8727-D4842B140FFC} = {827E0CD3-B72D-47B6-A68D-7590B98EB39B}
		{5F63D602-5010-4F7F-93E1-E53B0FD4C530} = {827E0CD3-B72D-47B6-A68D-7590B98EB39B}
		{7155D847-7E17-49D8-9689-05A59E3B45A2} = {827E0CD3-B72D-47B6-A68D-7590B98EB39B}
		{0817640E-2118-41C4-AC2B-79964FBB3A25} = {827E0CD3-B72D-47B6-A68D-7590B98EB39B}
		{4EA4BC6D-882F-43EC-8D4E-A24C2635A2D0} = {827E0CD3-B72D-47B6-A68D-7590B98EB39B}
		{2D6D0FCB-46DE-4C4E-8527-859034F8D857} = {827E0CD3-B72D-47B6-A68D-7590B98EB39B}
		{943C6C59-2F0E-4EF7-9BE7-36E5F80BD903} = {827E0CD3-B72D-47B6-A68D-7590B98EB39B}
		{684EDFE8-0F8E-4437-ACD0-232DAC87C664} = {827E0CD3-B72D-47B6-A68D-7590B98EB39B}
		{1E13FFEE-9ED9-434A-853C-6EB74C1A756E} = {827E0CD3-B72D-47B6-A68D-7590B98EB39B}
		{B72A2361-490A-4EAF-BE81-8F118C10EDB7} = {827E0CD3-B72D-47B6-A68D-7590B98EB39B}
		{441CD123-E48D-49E4-BF76-D1BC6DBC5A66} = {827E0CD3-B72D-47B6-A68D-7590B98EB39B}
		{5CECD483-B3CE-4396-A698-2BC833BCD683} = {827E0CD3-B72D-47B6-A68D-7590B98EB39B}
		{C32F9D84-9799-4C7E-A4A3-507CB64712D5} = {827E0CD3-B72D-47B6-A68D-7590B98EB39B}
		{040EA809-C739-4FEA-A3E0-898D9ADC860B} = {827E0CD3-B72D-47B6-A68D-7590B98EB39B}
		{57FDE9DE-1CB0-4B8B-A9E7-CA04CE536B9B} = {827E0CD3-B72D-47B6-A68D-7590B98EB39B}
		{E53E057B-434C-4A21-9A5C-D9DBD4056092} = {827E0CD3-B72D-47B6-A68D-7590B98EB39B}
		{D456A54E-BD79-4307-84DD-80DB5114BBAE} = {827E0CD3-B72D-47B6-A68D-7590B98EB39B}
		{4AD4D12C-2EC2-490A-A637-19844F9CD90A} = {827E0CD3-B72D-47B6-A68D-7590B98EB39B}
		{03B6D26E-0584-451B-AC29-C57829DF7731} = {827E0CD3-B72D-47B6-A68D-7590B98EB39B}
		{E5DF0765-7A03-409D-91AA-611747C994C1} = {827E0CD3-B72D-47B6-A68D-7590B98EB39B}
		{2F6283D9-3C70-4A97-A1C8-E88463851475} = {827E0CD3-B72D-47B6-A68D-7590B98EB39B}
		{FC246277-6552-40A4-B216-3B274809F68B} = {827E0CD3-B72D-47B6-A68D-7590B98EB39B}
		{2663AD2D-E12F-490B-AA7D-6A0DB0CD3CEE} = {827E0CD3-B72D-47B6-A68D-7590B98EB39B}
		{CD27965B-50FA-496C-BB0C-83C0DBDA8461} = {827E0CD3-B72D-47B6-A68D-7590B98EB39B}
		{F4BF60C2-266E-40C6-9C1D-8669271E2CA1} = {827E0CD3-B72D-47B6-A68D-7590B98EB39B}
		{0AAB5982-4873-4D2E-AEE1-F69FD6599971} = {827E0CD3-B72D-47B6-A68D-7590B98EB39B}
		{1C60B25A-5AA0-4F8B-B098-0DF3834EDB5E} = {827E0CD3-B72D-47B6-A68D-7590B98EB39B}
		{1059CD8D-DC61-43E3-A6F9-EEA923F385FF} = {827E0CD3-B72D-47B6-A68D-7590B98EB39B}
		{B41BEE5C-3827-4240-8340-107F23B78331} = {827E0CD3-B72D-47B6-A68D-7590B98EB39B}
		{67BFCF70-424B-47EA-B46E-988EE4C16C71} = {827E0CD3-B72D-47B6-A68D-7590B98EB39B}
		{ADDA695F-4F9F-4415-9FDA-37C53D5D87D3} = {827E0CD3-B72D-47B6-A68D-7590B98EB39B}
		{5E31CB78-035E-46E1-BDA5-9BAB453B7CA1} = {827E0CD3-B72D-47B6-A68D-7590B98EB39B}
		{0314930A-BC17-4196-83D6-9A00AA789A4C} = {827E0CD3-B72D-47B6-A68D-7590B98EB39B}
		{065DDD22-1DF8-4969-95FF-ED151751991F} = {827E0CD3-B72D-47B6-A68D-7590B98EB39B}
	EndGlobalSection
EndGlobal
